// !$*UTF8*$!
{
	archiveVersion = 1;
	classes = {
	};
	objectVersion = 77;
	objects = {

/* Begin PBXBuildFile section */
		A90509852D04899E00082847 /* DummyAddress.swift in Sources */ = {isa = PBXBuildFile; fileRef = A90509842D04899E00082847 /* DummyAddress.swift */; };
		A9050A142D04906000082847 /* Colors.swift in Sources */ = {isa = PBXBuildFile; fileRef = A9050A132D04906000082847 /* Colors.swift */; };
		A9050A182D04974200082847 /* Size.swift in Sources */ = {isa = PBXBuildFile; fileRef = A9050A172D04974200082847 /* Size.swift */; };
		A9050A1B2D0497CD00082847 /* SwiftMessages in Frameworks */ = {isa = PBXBuildFile; productRef = A9050A1A2D0497CD00082847 /* SwiftMessages */; };
		A9050A1F2D0497D900082847 /* Helper.swift in Sources */ = {isa = PBXBuildFile; fileRef = A9050A1E2D0497D900082847 /* Helper.swift */; };
		A9050A222D04984F00082847 /* MOLH in Frameworks */ = {isa = PBXBuildFile; productRef = A9050A212D04984F00082847 /* MOLH */; };
		A9050A262D0499CA00082847 /* Direction.swift in Sources */ = {isa = PBXBuildFile; fileRef = A9050A252D0499CA00082847 /* Direction.swift */; };
		A9050A342D049B8200082847 /* BACK.swift in Sources */ = {isa = PBXBuildFile; fileRef = A9050A2C2D049B8200082847 /* BACK.swift */; };
		A9050A352D049B8200082847 /* lbls.swift in Sources */ = {isa = PBXBuildFile; fileRef = A9050A312D049B8200082847 /* lbls.swift */; };
		A9050A372D049B8200082847 /* NavBar.swift in Sources */ = {isa = PBXBuildFile; fileRef = A9050A292D049B8200082847 /* NavBar.swift */; };
		A9050A382D049B8200082847 /* AlertTit.swift in Sources */ = {isa = PBXBuildFile; fileRef = A9050A2B2D049B8200082847 /* AlertTit.swift */; };
		A9050A392D049B8200082847 /* LocalizedButtons.swift in Sources */ = {isa = PBXBuildFile; fileRef = A9050A332D049B8200082847 /* LocalizedButtons.swift */; };
		A9050A3A2D049B8200082847 /* VcTitle.swift in Sources */ = {isa = PBXBuildFile; fileRef = A9050A282D049B8200082847 /* VcTitle.swift */; };
		A9050A3B2D049B8200082847 /* LocalizedTextField.swift in Sources */ = {isa = PBXBuildFile; fileRef = A9050A2E2D049B8200082847 /* LocalizedTextField.swift */; };
		A9050A3D2D049B8200082847 /* NavBarImg.swift in Sources */ = {isa = PBXBuildFile; fileRef = A9050A272D049B8200082847 /* NavBarImg.swift */; };
		A9050A3F2D049B8200082847 /* ValidMessage.swift in Sources */ = {isa = PBXBuildFile; fileRef = A9050A322D049B8200082847 /* ValidMessage.swift */; };
		A9050A422D049BB100082847 /* KHTxtField.swift in Sources */ = {isa = PBXBuildFile; fileRef = A9050A412D049BB100082847 /* KHTxtField.swift */; };
		A9050A472D049BBF00082847 /* Localizable.strings in Resources */ = {isa = PBXBuildFile; fileRef = A9050A452D049BBF00082847 /* Localizable.strings */; };
		A9050A492D049C4000082847 /* String+Extensions.swift in Sources */ = {isa = PBXBuildFile; fileRef = A9050A482D049C4000082847 /* String+Extensions.swift */; };
		A9050BF32D04D86F00082847 /* UserDefaultsManager.swift in Sources */ = {isa = PBXBuildFile; fileRef = A9050BF22D04D86F00082847 /* UserDefaultsManager.swift */; };
		A9050BF62D04E2A400082847 /* IQKeyboardManagerSwift in Frameworks */ = {isa = PBXBuildFile; productRef = A9050BF52D04E2A400082847 /* IQKeyboardManagerSwift */; };
		A9050C4F2D05188300082847 /* SignInViewController.xib in Resources */ = {isa = PBXBuildFile; fileRef = A9050C4E2D05188300082847 /* SignInViewController.xib */; };
		A9050C552D05308A00082847 /* LoginPasswordVC.xib in Resources */ = {isa = PBXBuildFile; fileRef = A9050C542D05308A00082847 /* LoginPasswordVC.xib */; };
		A9050C592D05311700082847 /* ForgotPasswordVC.xib in Resources */ = {isa = PBXBuildFile; fileRef = A9050C582D05311700082847 /* ForgotPasswordVC.xib */; };
		A9050C5D2D053DC200082847 /* AboutYourselfViewController.xib in Resources */ = {isa = PBXBuildFile; fileRef = A9050C5C2D053DC200082847 /* AboutYourselfViewController.xib */; };
		A9050C602D054B1100082847 /* AgeRange.swift in Sources */ = {isa = PBXBuildFile; fileRef = A9050C5F2D054B1100082847 /* AgeRange.swift */; };
		A9050C632D05511D00082847 /* CreateAccountVC.xib in Resources */ = {isa = PBXBuildFile; fileRef = A9050C622D05511D00082847 /* CreateAccountVC.xib */; };
		A951C7DE2CEC0376006828F8 /* ProductDetailsCVCell.swift in Sources */ = {isa = PBXBuildFile; fileRef = A951C7D82CEC0376006828F8 /* ProductDetailsCVCell.swift */; };
		A951C7DF2CEC0376006828F8 /* ProductDetailsVC.swift in Sources */ = {isa = PBXBuildFile; fileRef = A951C7DB2CEC0376006828F8 /* ProductDetailsVC.swift */; };
		A951C7E02CEC0376006828F8 /* ProductDetailsCVCell.xib in Resources */ = {isa = PBXBuildFile; fileRef = A951C7D92CEC0376006828F8 /* ProductDetailsCVCell.xib */; };
		A951C7E12CEC0376006828F8 /* ProductDetailsVC.xib in Resources */ = {isa = PBXBuildFile; fileRef = A951C7DC2CEC0376006828F8 /* ProductDetailsVC.xib */; };
		A951C82A2CECB11A006828F8 /* Fonts.swift in Sources */ = {isa = PBXBuildFile; fileRef = A951C8292CECB11A006828F8 /* Fonts.swift */; };
		A951C82C2CECB5F9006828F8 /* UITextField+Extesion.swift in Sources */ = {isa = PBXBuildFile; fileRef = A951C82B2CECB5F9006828F8 /* UITextField+Extesion.swift */; };
		A951C82E2CECB9A0006828F8 /* UITableview+Extension.swift in Sources */ = {isa = PBXBuildFile; fileRef = A951C82D2CECB9A0006828F8 /* UITableview+Extension.swift */; };
		A951C8302CECBA4E006828F8 /* AccountSetting.swift in Sources */ = {isa = PBXBuildFile; fileRef = A951C82F2CECBA4E006828F8 /* AccountSetting.swift */; };
		A951C8322CECBE5E006828F8 /* UICollectionView+Extension.swift in Sources */ = {isa = PBXBuildFile; fileRef = A951C8312CECBE5E006828F8 /* UICollectionView+Extension.swift */; };
		A951C8372CECBF1A006828F8 /* MyFavouritesVC.swift in Sources */ = {isa = PBXBuildFile; fileRef = A951C8342CECBF1A006828F8 /* MyFavouritesVC.swift */; };
		A951C8382CECBF1A006828F8 /* MyFavouritesVC.xib in Resources */ = {isa = PBXBuildFile; fileRef = A951C8352CECBF1A006828F8 /* MyFavouritesVC.xib */; };
		A951C86D2CECD003006828F8 /* CartTVCell.swift in Sources */ = {isa = PBXBuildFile; fileRef = A951C8672CECD003006828F8 /* CartTVCell.swift */; };
		A951C86E2CECD003006828F8 /* CartVC.swift in Sources */ = {isa = PBXBuildFile; fileRef = A951C86A2CECD003006828F8 /* CartVC.swift */; };
		A951C86F2CECD003006828F8 /* CartTVCell.xib in Resources */ = {isa = PBXBuildFile; fileRef = A951C8682CECD003006828F8 /* CartTVCell.xib */; };
		A951C8702CECD003006828F8 /* CartVC.xib in Resources */ = {isa = PBXBuildFile; fileRef = A951C86B2CECD003006828F8 /* CartVC.xib */; };
		A951C8772CECD00C006828F8 /* CheckoutTVCell.swift in Sources */ = {isa = PBXBuildFile; fileRef = A951C8712CECD00C006828F8 /* CheckoutTVCell.swift */; };
		A951C8782CECD00C006828F8 /* CheckoutVC.swift in Sources */ = {isa = PBXBuildFile; fileRef = A951C8742CECD00C006828F8 /* CheckoutVC.swift */; };
		A951C8792CECD00C006828F8 /* CheckoutTVCell.xib in Resources */ = {isa = PBXBuildFile; fileRef = A951C8722CECD00C006828F8 /* CheckoutTVCell.xib */; };
		A951C87A2CECD00C006828F8 /* CheckoutVC.xib in Resources */ = {isa = PBXBuildFile; fileRef = A951C8752CECD00C006828F8 /* CheckoutVC.xib */; };
		A951C87E2CECD07B006828F8 /* OrderSuccessVC.swift in Sources */ = {isa = PBXBuildFile; fileRef = A951C87B2CECD07B006828F8 /* OrderSuccessVC.swift */; };
		A951C87F2CECD07B006828F8 /* OrderSuccessVC.xib in Resources */ = {isa = PBXBuildFile; fileRef = A951C87C2CECD07B006828F8 /* OrderSuccessVC.xib */; };
		A951C8832CECD092006828F8 /* ProductReviewCell.swift in Sources */ = {isa = PBXBuildFile; fileRef = A951C8802CECD092006828F8 /* ProductReviewCell.swift */; };
		A951C8842CECD092006828F8 /* ProductReviewCell.xib in Resources */ = {isa = PBXBuildFile; fileRef = A951C8812CECD092006828F8 /* ProductReviewCell.xib */; };
		A951C88B2CECD2CA006828F8 /* ProductDropDownTVCell.swift in Sources */ = {isa = PBXBuildFile; fileRef = A951C8852CECD2CA006828F8 /* ProductDropDownTVCell.swift */; };
		A951C88C2CECD2CA006828F8 /* ProductDropDownVC.swift in Sources */ = {isa = PBXBuildFile; fileRef = A951C8882CECD2CA006828F8 /* ProductDropDownVC.swift */; };
		A951C88D2CECD2CA006828F8 /* ProductDropDownTVCell.xib in Resources */ = {isa = PBXBuildFile; fileRef = A951C8862CECD2CA006828F8 /* ProductDropDownTVCell.xib */; };
		A951C88E2CECD2CA006828F8 /* ProductDropDownVC.xib in Resources */ = {isa = PBXBuildFile; fileRef = A951C8892CECD2CA006828F8 /* ProductDropDownVC.xib */; };
		A951C8F62CEDF3F6006828F8 /* FilterOption.swift in Sources */ = {isa = PBXBuildFile; fileRef = A951C8F52CEDF3F6006828F8 /* FilterOption.swift */; };
		A951C8F82CEE1D22006828F8 /* Assets.swift in Sources */ = {isa = PBXBuildFile; fileRef = A951C8F72CEE1D22006828F8 /* Assets.swift */; };
		A951C8FA2CEE1D3A006828F8 /* CatagoryTitle.swift in Sources */ = {isa = PBXBuildFile; fileRef = A951C8F92CEE1D3A006828F8 /* CatagoryTitle.swift */; };
		A951C8FC2CEE1D88006828F8 /* Category.swift in Sources */ = {isa = PBXBuildFile; fileRef = A951C8FB2CEE1D88006828F8 /* Category.swift */; };
		A951C8FE2CEE20AA006828F8 /* Gender.swift in Sources */ = {isa = PBXBuildFile; fileRef = A951C8FD2CEE20AA006828F8 /* Gender.swift */; };
		A951C9002CEE23C3006828F8 /* Constant.swift in Sources */ = {isa = PBXBuildFile; fileRef = A951C8FF2CEE23C3006828F8 /* Constant.swift */; };
		A95E93F22CEBFC3D00D9D033 /* UIColor+Extension.swift in Sources */ = {isa = PBXBuildFile; fileRef = A95E93F12CEBFC3D00D9D033 /* UIColor+Extension.swift */; };
		A96F64462CEA9F6800B5939B /* circular-std-medium-500.ttf in Resources */ = {isa = PBXBuildFile; fileRef = A96F64402CEA9F6800B5939B /* circular-std-medium-500.ttf */; };
		A96F64472CEA9F6800B5939B /* CircularStd-Bold.otf in Resources */ = {isa = PBXBuildFile; fileRef = A96F64412CEA9F6800B5939B /* CircularStd-Bold.otf */; };
		A96F64482CEA9F6800B5939B /* CircularStd-Book.ttf in Resources */ = {isa = PBXBuildFile; fileRef = A96F64422CEA9F6800B5939B /* CircularStd-Book.ttf */; };
		A96F64492CEA9F6800B5939B /* Gabarito-Bold.ttf in Resources */ = {isa = PBXBuildFile; fileRef = A96F64432CEA9F6800B5939B /* Gabarito-Bold.ttf */; };
		A96F644A2CEA9F6800B5939B /* Images.swift in Sources */ = {isa = PBXBuildFile; fileRef = A96F64372CEA9F6800B5939B /* Images.swift */; };
		A96F644B2CEA9F6800B5939B /* Status.swift in Sources */ = {isa = PBXBuildFile; fileRef = A96F64382CEA9F6800B5939B /* Status.swift */; };
		A96F644C2CEA9F6800B5939B /* UIButton+Extension.swift in Sources */ = {isa = PBXBuildFile; fileRef = A96F643A2CEA9F6800B5939B /* UIButton+Extension.swift */; };
		A96F644D2CEA9F6800B5939B /* UILabel+Extension.swift in Sources */ = {isa = PBXBuildFile; fileRef = A96F643B2CEA9F6800B5939B /* UILabel+Extension.swift */; };
		A96F644E2CEA9F6800B5939B /* UITextField+Extension.swift in Sources */ = {isa = PBXBuildFile; fileRef = A96F643C2CEA9F6800B5939B /* UITextField+Extension.swift */; };
		A96F644F2CEA9F6800B5939B /* UIViewController+Extension.swift in Sources */ = {isa = PBXBuildFile; fileRef = A96F643D2CEA9F6800B5939B /* UIViewController+Extension.swift */; };
		A96F64502CEA9F6800B5939B /* UIWindow.swift in Sources */ = {isa = PBXBuildFile; fileRef = A96F643E2CEA9F6800B5939B /* UIWindow.swift */; };
		A96F64572CEAA0F400B5939B /* OrdersTVCell.xib in Resources */ = {isa = PBXBuildFile; fileRef = A96F64552CEAA0F400B5939B /* OrdersTVCell.xib */; };
		A96F64582CEAA0F400B5939B /* OrdersTVCell.swift in Sources */ = {isa = PBXBuildFile; fileRef = A96F64542CEAA0F400B5939B /* OrdersTVCell.swift */; };
		A96F645C2CEAA0F400B5939B /* OrdersCVCell.xib in Resources */ = {isa = PBXBuildFile; fileRef = A96F645A2CEAA0F400B5939B /* OrdersCVCell.xib */; };
		A96F645D2CEAA0F400B5939B /* OrdersCVCell.swift in Sources */ = {isa = PBXBuildFile; fileRef = A96F64592CEAA0F400B5939B /* OrdersCVCell.swift */; };
		A96F645F2CEAA32C00B5939B /* WishlistModel.swift in Sources */ = {isa = PBXBuildFile; fileRef = A96F645E2CEAA32C00B5939B /* WishlistModel.swift */; };
		A96F647B2CEAC64300B5939B /* OrderSummary.swift in Sources */ = {isa = PBXBuildFile; fileRef = A96F647A2CEAC64300B5939B /* OrderSummary.swift */; };
		A96F64D42CEBA4DE00B5939B /* PaymentSection.swift in Sources */ = {isa = PBXBuildFile; fileRef = A96F64D32CEBA4DE00B5939B /* PaymentSection.swift */; };
		A96F64DF2CEBB9CD00B5939B /* UIView+Extension.swift in Sources */ = {isa = PBXBuildFile; fileRef = A96F64DE2CEBB9CC00B5939B /* UIView+Extension.swift */; };
		A9AC2C8A2CEA7BF5008C3D6D /* AboutYourselfViewController.swift in Sources */ = {isa = PBXBuildFile; fileRef = A9AC2C0B2CEA7BF5008C3D6D /* AboutYourselfViewController.swift */; };
		A9AC2C8B2CEA7BF5008C3D6D /* AccountTVCell.swift in Sources */ = {isa = PBXBuildFile; fileRef = A9AC2C0E2CEA7BF5008C3D6D /* AccountTVCell.swift */; };
		A9AC2C8C2CEA7BF5008C3D6D /* AccountVC.swift in Sources */ = {isa = PBXBuildFile; fileRef = A9AC2C112CEA7BF5008C3D6D /* AccountVC.swift */; };
		A9AC2C8D2CEA7BF5008C3D6D /* AddressVC.swift in Sources */ = {isa = PBXBuildFile; fileRef = A9AC2C152CEA7BF5008C3D6D /* AddressVC.swift */; };
		A9AC2C8E2CEA7BF5008C3D6D /* CreateAccountVC.swift in Sources */ = {isa = PBXBuildFile; fileRef = A9AC2C182CEA7BF5008C3D6D /* CreateAccountVC.swift */; };
		A9AC2C962CEA7BF5008C3D6D /* ForgotPasswordVC.swift in Sources */ = {isa = PBXBuildFile; fileRef = A9AC2C292CEA7BF5008C3D6D /* ForgotPasswordVC.swift */; };
		A9AC2C972CEA7BF5008C3D6D /* HandleMessageView.swift in Sources */ = {isa = PBXBuildFile; fileRef = A9AC2C2C2CEA7BF5008C3D6D /* HandleMessageView.swift */; };
		A9AC2C982CEA7BF5008C3D6D /* HelpVC.swift in Sources */ = {isa = PBXBuildFile; fileRef = A9AC2C2F2CEA7BF5008C3D6D /* HelpVC.swift */; };
		A9AC2C992CEA7BF5008C3D6D /* CategoriesCVCell.swift in Sources */ = {isa = PBXBuildFile; fileRef = A9AC2C322CEA7BF5008C3D6D /* CategoriesCVCell.swift */; };
		A9AC2C9A2CEA7BF5008C3D6D /* HomeHeaderReusable.swift in Sources */ = {isa = PBXBuildFile; fileRef = A9AC2C352CEA7BF5008C3D6D /* HomeHeaderReusable.swift */; };
		A9AC2C9B2CEA7BF5008C3D6D /* TopSellingCVCell.swift in Sources */ = {isa = PBXBuildFile; fileRef = A9AC2C382CEA7BF5008C3D6D /* TopSellingCVCell.swift */; };
		A9AC2C9C2CEA7BF5008C3D6D /* HomeVC.swift in Sources */ = {isa = PBXBuildFile; fileRef = A9AC2C3C2CEA7BF5008C3D6D /* HomeVC.swift */; };
		A9AC2C9D2CEA7BF5008C3D6D /* LoginPasswordVC.swift in Sources */ = {isa = PBXBuildFile; fileRef = A9AC2C3F2CEA7BF5008C3D6D /* LoginPasswordVC.swift */; };
		A9AC2C9E2CEA7BF5008C3D6D /* MainTabBarVC.swift in Sources */ = {isa = PBXBuildFile; fileRef = A9AC2C422CEA7BF5008C3D6D /* MainTabBarVC.swift */; };
		A9AC2C9F2CEA7BF5008C3D6D /* CategoryModel.swift in Sources */ = {isa = PBXBuildFile; fileRef = A9AC2C442CEA7BF5008C3D6D /* CategoryModel.swift */; };
		A9AC2CA02CEA7BF5008C3D6D /* HandleMessageModel.swift in Sources */ = {isa = PBXBuildFile; fileRef = A9AC2C452CEA7BF5008C3D6D /* HandleMessageModel.swift */; };
		A9AC2CA12CEA7BF5008C3D6D /* HomeHeaderModel.swift in Sources */ = {isa = PBXBuildFile; fileRef = A9AC2C462CEA7BF5008C3D6D /* HomeHeaderModel.swift */; };
		A9AC2CA22CEA7BF5008C3D6D /* Message.swift in Sources */ = {isa = PBXBuildFile; fileRef = A9AC2C472CEA7BF5008C3D6D /* Message.swift */; };
		A9AC2CA32CEA7BF5008C3D6D /* OrdersModel.swift in Sources */ = {isa = PBXBuildFile; fileRef = A9AC2C482CEA7BF5008C3D6D /* OrdersModel.swift */; };
		A9AC2CA52CEA7BF5008C3D6D /* OrderStatusModel.swift in Sources */ = {isa = PBXBuildFile; fileRef = A9AC2C4A2CEA7BF5008C3D6D /* OrderStatusModel.swift */; };
		A9AC2CA62CEA7BF5008C3D6D /* Products.swift in Sources */ = {isa = PBXBuildFile; fileRef = A9AC2C4B2CEA7BF5008C3D6D /* Products.swift */; };
		A9AC2CA72CEA7BF5008C3D6D /* NotificationsVC.swift in Sources */ = {isa = PBXBuildFile; fileRef = A9AC2C4E2CEA7BF5008C3D6D /* NotificationsVC.swift */; };
		A9AC2CAA2CEA7BF5008C3D6D /* OrdersVC.swift in Sources */ = {isa = PBXBuildFile; fileRef = A9AC2C562CEA7BF5008C3D6D /* OrdersVC.swift */; };
		A9AC2CAB2CEA7BF5008C3D6D /* OrderDetailsTVCell.swift in Sources */ = {isa = PBXBuildFile; fileRef = A9AC2C592CEA7BF5008C3D6D /* OrderDetailsTVCell.swift */; };
		A9AC2CAC2CEA7BF5008C3D6D /* OrderDetailsVC.swift in Sources */ = {isa = PBXBuildFile; fileRef = A9AC2C5C2CEA7BF5008C3D6D /* OrderDetailsVC.swift */; };
		A9AC2CAD2CEA7BF5008C3D6D /* PaymentVC.swift in Sources */ = {isa = PBXBuildFile; fileRef = A9AC2C5F2CEA7BF5008C3D6D /* PaymentVC.swift */; };
		A9AC2CAE2CEA7BF5008C3D6D /* ResetPasswordVC.swift in Sources */ = {isa = PBXBuildFile; fileRef = A9AC2C622CEA7BF5008C3D6D /* ResetPasswordVC.swift */; };
		A9AC2CAF2CEA7BF5008C3D6D /* ShopByCategoriesTVCell.swift in Sources */ = {isa = PBXBuildFile; fileRef = A9AC2C652CEA7BF5008C3D6D /* ShopByCategoriesTVCell.swift */; };
		A9AC2CB02CEA7BF5008C3D6D /* ShopByCategoriesVC.swift in Sources */ = {isa = PBXBuildFile; fileRef = A9AC2C682CEA7BF5008C3D6D /* ShopByCategoriesVC.swift */; };
		A9AC2CB12CEA7BF5008C3D6D /* ShopByCategoriesNameVC.swift in Sources */ = {isa = PBXBuildFile; fileRef = A9AC2C6B2CEA7BF5008C3D6D /* ShopByCategoriesNameVC.swift */; };
		A9AC2CB22CEA7BF5008C3D6D /* SignInViewController.swift in Sources */ = {isa = PBXBuildFile; fileRef = A9AC2C6E2CEA7BF5008C3D6D /* SignInViewController.swift */; };
		A9AC2CB32CEA7BF5008C3D6D /* SupportVC.swift in Sources */ = {isa = PBXBuildFile; fileRef = A9AC2C712CEA7BF5008C3D6D /* SupportVC.swift */; };
		A9AC2CB42CEA7BF5008C3D6D /* WishlistVC.swift in Sources */ = {isa = PBXBuildFile; fileRef = A9AC2C742CEA7BF5008C3D6D /* WishlistVC.swift */; };
		A9AC2CB52CEA7BF5008C3D6D /* AppDelegate.swift in Sources */ = {isa = PBXBuildFile; fileRef = A9AC2C772CEA7BF5008C3D6D /* AppDelegate.swift */; };
		A9AC2CB62CEA7BF5008C3D6D /* SceneDelegate.swift in Sources */ = {isa = PBXBuildFile; fileRef = A9AC2C7D2CEA7BF5008C3D6D /* SceneDelegate.swift */; };
		A9AC2CB72CEA7BF5008C3D6D /* ViewController.swift in Sources */ = {isa = PBXBuildFile; fileRef = A9AC2C7E2CEA7BF5008C3D6D /* ViewController.swift */; };
		A9AC2CB92CEA7BF5008C3D6D /* AccountTVCell.xib in Resources */ = {isa = PBXBuildFile; fileRef = A9AC2C0F2CEA7BF5008C3D6D /* AccountTVCell.xib */; };
		A9AC2CBA2CEA7BF5008C3D6D /* AccountVC.xib in Resources */ = {isa = PBXBuildFile; fileRef = A9AC2C122CEA7BF5008C3D6D /* AccountVC.xib */; };
		A9AC2CC22CEA7BF5008C3D6D /* HandleMessageView.xib in Resources */ = {isa = PBXBuildFile; fileRef = A9AC2C2D2CEA7BF5008C3D6D /* HandleMessageView.xib */; };
		A9AC2CC32CEA7BF5008C3D6D /* HelpVC.xib in Resources */ = {isa = PBXBuildFile; fileRef = A9AC2C302CEA7BF5008C3D6D /* HelpVC.xib */; };
		A9AC2CC42CEA7BF5008C3D6D /* CategoriesCVCell.xib in Resources */ = {isa = PBXBuildFile; fileRef = A9AC2C332CEA7BF5008C3D6D /* CategoriesCVCell.xib */; };
		A9AC2CC52CEA7BF5008C3D6D /* HomeHeaderReusable.xib in Resources */ = {isa = PBXBuildFile; fileRef = A9AC2C362CEA7BF5008C3D6D /* HomeHeaderReusable.xib */; };
		A9AC2CC62CEA7BF5008C3D6D /* TopSellingCVCell.xib in Resources */ = {isa = PBXBuildFile; fileRef = A9AC2C392CEA7BF5008C3D6D /* TopSellingCVCell.xib */; };
		A9AC2CC72CEA7BF5008C3D6D /* HomeVC.xib in Resources */ = {isa = PBXBuildFile; fileRef = A9AC2C3D2CEA7BF5008C3D6D /* HomeVC.xib */; };
		A9AC2CC92CEA7BF5008C3D6D /* NotificationsVC.xib in Resources */ = {isa = PBXBuildFile; fileRef = A9AC2C4F2CEA7BF5008C3D6D /* NotificationsVC.xib */; };
		A9AC2CCC2CEA7BF5008C3D6D /* OrdersVC.xib in Resources */ = {isa = PBXBuildFile; fileRef = A9AC2C572CEA7BF5008C3D6D /* OrdersVC.xib */; };
		A9AC2CCD2CEA7BF5008C3D6D /* OrderDetailsTVCell.xib in Resources */ = {isa = PBXBuildFile; fileRef = A9AC2C5A2CEA7BF5008C3D6D /* OrderDetailsTVCell.xib */; };
		A9AC2CCE2CEA7BF5008C3D6D /* OrderDetailsVC.xib in Resources */ = {isa = PBXBuildFile; fileRef = A9AC2C5D2CEA7BF5008C3D6D /* OrderDetailsVC.xib */; };
		A9AC2CD02CEA7BF5008C3D6D /* ResetPasswordVC.xib in Resources */ = {isa = PBXBuildFile; fileRef = A9AC2C632CEA7BF5008C3D6D /* ResetPasswordVC.xib */; };
		A9AC2CD12CEA7BF5008C3D6D /* ShopByCategoriesTVCell.xib in Resources */ = {isa = PBXBuildFile; fileRef = A9AC2C662CEA7BF5008C3D6D /* ShopByCategoriesTVCell.xib */; };
		A9AC2CD22CEA7BF5008C3D6D /* ShopByCategoriesVC.xib in Resources */ = {isa = PBXBuildFile; fileRef = A9AC2C692CEA7BF5008C3D6D /* ShopByCategoriesVC.xib */; };
		A9AC2CD32CEA7BF5008C3D6D /* ShopByCategoriesNameVC.xib in Resources */ = {isa = PBXBuildFile; fileRef = A9AC2C6C2CEA7BF5008C3D6D /* ShopByCategoriesNameVC.xib */; };
		A9AC2CD52CEA7BF5008C3D6D /* SupportVC.xib in Resources */ = {isa = PBXBuildFile; fileRef = A9AC2C722CEA7BF5008C3D6D /* SupportVC.xib */; };
		A9AC2CD72CEA7BF5008C3D6D /* Assets.xcassets in Resources */ = {isa = PBXBuildFile; fileRef = A9AC2C782CEA7BF5008C3D6D /* Assets.xcassets */; };
		A9AC2CD82CEA7BF5008C3D6D /* Colors.xcassets in Resources */ = {isa = PBXBuildFile; fileRef = A9AC2C792CEA7BF5008C3D6D /* Colors.xcassets */; };
		A9AC2CDA2CEA7BF5008C3D6D /* LaunchScreen.storyboard in Resources */ = {isa = PBXBuildFile; fileRef = A9AC2C7C2CEA7BF5008C3D6D /* LaunchScreen.storyboard */; };
		A9AC2CDC2CEA9194008C3D6D /* WishlistVC.xib in Resources */ = {isa = PBXBuildFile; fileRef = A9AC2CDB2CEA9194008C3D6D /* WishlistVC.xib */; };
		A9AC2CDE2CEA91BE008C3D6D /* PaymentVC.xib in Resources */ = {isa = PBXBuildFile; fileRef = A9AC2CDD2CEA91BE008C3D6D /* PaymentVC.xib */; };
		A9AC2CF92CEA9654008C3D6D /* AddressTVCell.swift in Sources */ = {isa = PBXBuildFile; fileRef = A9AC2CF32CEA9654008C3D6D /* AddressTVCell.swift */; };
		A9AC2CFA2CEA9654008C3D6D /* AddAddressVC.swift in Sources */ = {isa = PBXBuildFile; fileRef = A9AC2CF62CEA9654008C3D6D /* AddAddressVC.swift */; };
		A9AC2CFB2CEA9654008C3D6D /* AddressTVCell.xib in Resources */ = {isa = PBXBuildFile; fileRef = A9AC2CF42CEA9654008C3D6D /* AddressTVCell.xib */; };
		A9AC2CFC2CEA9654008C3D6D /* AddAddressVC.xib in Resources */ = {isa = PBXBuildFile; fileRef = A9AC2CF72CEA9654008C3D6D /* AddAddressVC.xib */; };
		A9AC2CFE2CEA9775008C3D6D /* AddressVC.xib in Resources */ = {isa = PBXBuildFile; fileRef = A9AC2CFD2CEA9775008C3D6D /* AddressVC.xib */; };
		A9B60F9E2CEBE02F0018B9B8 /* OrdersStateModel.swift in Sources */ = {isa = PBXBuildFile; fileRef = A9B60F9D2CEBE02F0018B9B8 /* OrdersStateModel.swift */; };
/* End PBXBuildFile section */

/* Begin PBXFileReference section */
		A90509842D04899E00082847 /* DummyAddress.swift */ = {isa = PBXFileReference; lastKnownFileType = sourcecode.swift; path = DummyAddress.swift; sourceTree = "<group>"; };
		A9050A132D04906000082847 /* Colors.swift */ = {isa = PBXFileReference; lastKnownFileType = sourcecode.swift; path = Colors.swift; sourceTree = "<group>"; };
		A9050A172D04974200082847 /* Size.swift */ = {isa = PBXFileReference; lastKnownFileType = sourcecode.swift; path = Size.swift; sourceTree = "<group>"; };
		A9050A1E2D0497D900082847 /* Helper.swift */ = {isa = PBXFileReference; lastKnownFileType = sourcecode.swift; path = Helper.swift; sourceTree = "<group>"; };
		A9050A252D0499CA00082847 /* Direction.swift */ = {isa = PBXFileReference; lastKnownFileType = sourcecode.swift; path = Direction.swift; sourceTree = "<group>"; };
		A9050A272D049B8200082847 /* NavBarImg.swift */ = {isa = PBXFileReference; lastKnownFileType = sourcecode.swift; path = NavBarImg.swift; sourceTree = "<group>"; };
		A9050A282D049B8200082847 /* VcTitle.swift */ = {isa = PBXFileReference; lastKnownFileType = sourcecode.swift; path = VcTitle.swift; sourceTree = "<group>"; };
		A9050A292D049B8200082847 /* NavBar.swift */ = {isa = PBXFileReference; lastKnownFileType = sourcecode.swift; path = NavBar.swift; sourceTree = "<group>"; };
		A9050A2B2D049B8200082847 /* AlertTit.swift */ = {isa = PBXFileReference; lastKnownFileType = sourcecode.swift; path = AlertTit.swift; sourceTree = "<group>"; };
		A9050A2C2D049B8200082847 /* BACK.swift */ = {isa = PBXFileReference; lastKnownFileType = sourcecode.swift; path = BACK.swift; sourceTree = "<group>"; };
		A9050A2E2D049B8200082847 /* LocalizedTextField.swift */ = {isa = PBXFileReference; lastKnownFileType = sourcecode.swift; path = LocalizedTextField.swift; sourceTree = "<group>"; };
		A9050A312D049B8200082847 /* lbls.swift */ = {isa = PBXFileReference; lastKnownFileType = sourcecode.swift; path = lbls.swift; sourceTree = "<group>"; };
		A9050A322D049B8200082847 /* ValidMessage.swift */ = {isa = PBXFileReference; lastKnownFileType = sourcecode.swift; path = ValidMessage.swift; sourceTree = "<group>"; };
		A9050A332D049B8200082847 /* LocalizedButtons.swift */ = {isa = PBXFileReference; lastKnownFileType = sourcecode.swift; path = LocalizedButtons.swift; sourceTree = "<group>"; };
		A9050A412D049BB100082847 /* KHTxtField.swift */ = {isa = PBXFileReference; lastKnownFileType = sourcecode.swift; path = KHTxtField.swift; sourceTree = "<group>"; };
		A9050A442D049BBF00082847 /* Localizable.strings */ = {isa = PBXFileReference; lastKnownFileType = text.plist.strings; name = Localizable.strings; path = en.lproj/Localizable.strings; sourceTree = "<group>"; };
		A9050A482D049C4000082847 /* String+Extensions.swift */ = {isa = PBXFileReference; lastKnownFileType = sourcecode.swift; path = "String+Extensions.swift"; sourceTree = "<group>"; };
		A9050BF22D04D86F00082847 /* UserDefaultsManager.swift */ = {isa = PBXFileReference; lastKnownFileType = sourcecode.swift; path = UserDefaultsManager.swift; sourceTree = "<group>"; };
		A9050C4D2D05188300082847 /* Base */ = {isa = PBXFileReference; lastKnownFileType = file.xib; name = Base; path = Base.lproj/SignInViewController.xib; sourceTree = "<group>"; };
		A9050C502D05188300082847 /* mul */ = {isa = PBXFileReference; lastKnownFileType = text.json.xcstrings; name = mul; path = mul.lproj/SignInViewController.xcstrings; sourceTree = "<group>"; };
		A9050C512D05194800082847 /* ar */ = {isa = PBXFileReference; lastKnownFileType = text.plist.strings; name = ar; path = ar.lproj/LaunchScreen.strings; sourceTree = "<group>"; };
		A9050C522D05195C00082847 /* ar */ = {isa = PBXFileReference; lastKnownFileType = text.plist.strings; name = ar; path = ar.lproj/Localizable.strings; sourceTree = "<group>"; };
		A9050C532D05308A00082847 /* Base */ = {isa = PBXFileReference; lastKnownFileType = file.xib; name = Base; path = Base.lproj/LoginPasswordVC.xib; sourceTree = "<group>"; };
		A9050C562D05308A00082847 /* mul */ = {isa = PBXFileReference; lastKnownFileType = text.json.xcstrings; name = mul; path = mul.lproj/LoginPasswordVC.xcstrings; sourceTree = "<group>"; };
		A9050C572D05311700082847 /* Base */ = {isa = PBXFileReference; lastKnownFileType = file.xib; name = Base; path = Base.lproj/ForgotPasswordVC.xib; sourceTree = "<group>"; };
		A9050C5A2D05311700082847 /* mul */ = {isa = PBXFileReference; lastKnownFileType = text.json.xcstrings; name = mul; path = mul.lproj/ForgotPasswordVC.xcstrings; sourceTree = "<group>"; };
		A9050C5B2D053DC200082847 /* Base */ = {isa = PBXFileReference; lastKnownFileType = file.xib; name = Base; path = Base.lproj/AboutYourselfViewController.xib; sourceTree = "<group>"; };
		A9050C5E2D053DC200082847 /* mul */ = {isa = PBXFileReference; lastKnownFileType = text.json.xcstrings; name = mul; path = mul.lproj/AboutYourselfViewController.xcstrings; sourceTree = "<group>"; };
		A9050C5F2D054B1100082847 /* AgeRange.swift */ = {isa = PBXFileReference; lastKnownFileType = sourcecode.swift; path = AgeRange.swift; sourceTree = "<group>"; };
		A9050C612D05511D00082847 /* Base */ = {isa = PBXFileReference; lastKnownFileType = file.xib; name = Base; path = Base.lproj/CreateAccountVC.xib; sourceTree = "<group>"; };
		A9050C642D05511D00082847 /* mul */ = {isa = PBXFileReference; lastKnownFileType = text.json.xcstrings; name = mul; path = mul.lproj/CreateAccountVC.xcstrings; sourceTree = "<group>"; };
		A951C7D82CEC0376006828F8 /* ProductDetailsCVCell.swift */ = {isa = PBXFileReference; lastKnownFileType = sourcecode.swift; path = ProductDetailsCVCell.swift; sourceTree = "<group>"; };
		A951C7D92CEC0376006828F8 /* ProductDetailsCVCell.xib */ = {isa = PBXFileReference; lastKnownFileType = file.xib; path = ProductDetailsCVCell.xib; sourceTree = "<group>"; };
		A951C7DB2CEC0376006828F8 /* ProductDetailsVC.swift */ = {isa = PBXFileReference; lastKnownFileType = sourcecode.swift; path = ProductDetailsVC.swift; sourceTree = "<group>"; };
		A951C7DC2CEC0376006828F8 /* ProductDetailsVC.xib */ = {isa = PBXFileReference; lastKnownFileType = file.xib; path = ProductDetailsVC.xib; sourceTree = "<group>"; };
		A951C8292CECB11A006828F8 /* Fonts.swift */ = {isa = PBXFileReference; lastKnownFileType = sourcecode.swift; path = Fonts.swift; sourceTree = "<group>"; };
		A951C82B2CECB5F9006828F8 /* UITextField+Extesion.swift */ = {isa = PBXFileReference; lastKnownFileType = sourcecode.swift; path = "UITextField+Extesion.swift"; sourceTree = "<group>"; };
		A951C82D2CECB9A0006828F8 /* UITableview+Extension.swift */ = {isa = PBXFileReference; lastKnownFileType = sourcecode.swift; path = "UITableview+Extension.swift"; sourceTree = "<group>"; };
		A951C82F2CECBA4E006828F8 /* AccountSetting.swift */ = {isa = PBXFileReference; lastKnownFileType = sourcecode.swift; path = AccountSetting.swift; sourceTree = "<group>"; };
		A951C8312CECBE5E006828F8 /* UICollectionView+Extension.swift */ = {isa = PBXFileReference; lastKnownFileType = sourcecode.swift; path = "UICollectionView+Extension.swift"; sourceTree = "<group>"; };
		A951C8342CECBF1A006828F8 /* MyFavouritesVC.swift */ = {isa = PBXFileReference; lastKnownFileType = sourcecode.swift; path = MyFavouritesVC.swift; sourceTree = "<group>"; };
		A951C8352CECBF1A006828F8 /* MyFavouritesVC.xib */ = {isa = PBXFileReference; lastKnownFileType = file.xib; path = MyFavouritesVC.xib; sourceTree = "<group>"; };
		A951C8672CECD003006828F8 /* CartTVCell.swift */ = {isa = PBXFileReference; lastKnownFileType = sourcecode.swift; path = CartTVCell.swift; sourceTree = "<group>"; };
		A951C8682CECD003006828F8 /* CartTVCell.xib */ = {isa = PBXFileReference; lastKnownFileType = file.xib; path = CartTVCell.xib; sourceTree = "<group>"; };
		A951C86A2CECD003006828F8 /* CartVC.swift */ = {isa = PBXFileReference; lastKnownFileType = sourcecode.swift; path = CartVC.swift; sourceTree = "<group>"; };
		A951C86B2CECD003006828F8 /* CartVC.xib */ = {isa = PBXFileReference; lastKnownFileType = file.xib; path = CartVC.xib; sourceTree = "<group>"; };
		A951C8712CECD00C006828F8 /* CheckoutTVCell.swift */ = {isa = PBXFileReference; lastKnownFileType = sourcecode.swift; path = CheckoutTVCell.swift; sourceTree = "<group>"; };
		A951C8722CECD00C006828F8 /* CheckoutTVCell.xib */ = {isa = PBXFileReference; lastKnownFileType = file.xib; path = CheckoutTVCell.xib; sourceTree = "<group>"; };
		A951C8742CECD00C006828F8 /* CheckoutVC.swift */ = {isa = PBXFileReference; lastKnownFileType = sourcecode.swift; path = CheckoutVC.swift; sourceTree = "<group>"; };
		A951C8752CECD00C006828F8 /* CheckoutVC.xib */ = {isa = PBXFileReference; lastKnownFileType = file.xib; path = CheckoutVC.xib; sourceTree = "<group>"; };
		A951C87B2CECD07B006828F8 /* OrderSuccessVC.swift */ = {isa = PBXFileReference; lastKnownFileType = sourcecode.swift; path = OrderSuccessVC.swift; sourceTree = "<group>"; };
		A951C87C2CECD07B006828F8 /* OrderSuccessVC.xib */ = {isa = PBXFileReference; lastKnownFileType = file.xib; path = OrderSuccessVC.xib; sourceTree = "<group>"; };
		A951C8802CECD092006828F8 /* ProductReviewCell.swift */ = {isa = PBXFileReference; lastKnownFileType = sourcecode.swift; path = ProductReviewCell.swift; sourceTree = "<group>"; };
		A951C8812CECD092006828F8 /* ProductReviewCell.xib */ = {isa = PBXFileReference; lastKnownFileType = file.xib; path = ProductReviewCell.xib; sourceTree = "<group>"; };
		A951C8852CECD2CA006828F8 /* ProductDropDownTVCell.swift */ = {isa = PBXFileReference; lastKnownFileType = sourcecode.swift; path = ProductDropDownTVCell.swift; sourceTree = "<group>"; };
		A951C8862CECD2CA006828F8 /* ProductDropDownTVCell.xib */ = {isa = PBXFileReference; lastKnownFileType = file.xib; path = ProductDropDownTVCell.xib; sourceTree = "<group>"; };
		A951C8882CECD2CA006828F8 /* ProductDropDownVC.swift */ = {isa = PBXFileReference; lastKnownFileType = sourcecode.swift; path = ProductDropDownVC.swift; sourceTree = "<group>"; };
		A951C8892CECD2CA006828F8 /* ProductDropDownVC.xib */ = {isa = PBXFileReference; lastKnownFileType = file.xib; path = ProductDropDownVC.xib; sourceTree = "<group>"; };
		A951C8F52CEDF3F6006828F8 /* FilterOption.swift */ = {isa = PBXFileReference; lastKnownFileType = sourcecode.swift; path = FilterOption.swift; sourceTree = "<group>"; };
		A951C8F72CEE1D22006828F8 /* Assets.swift */ = {isa = PBXFileReference; lastKnownFileType = sourcecode.swift; path = Assets.swift; sourceTree = "<group>"; };
		A951C8F92CEE1D3A006828F8 /* CatagoryTitle.swift */ = {isa = PBXFileReference; lastKnownFileType = sourcecode.swift; path = CatagoryTitle.swift; sourceTree = "<group>"; };
		A951C8FB2CEE1D88006828F8 /* Category.swift */ = {isa = PBXFileReference; lastKnownFileType = sourcecode.swift; path = Category.swift; sourceTree = "<group>"; };
		A951C8FD2CEE20AA006828F8 /* Gender.swift */ = {isa = PBXFileReference; lastKnownFileType = sourcecode.swift; path = Gender.swift; sourceTree = "<group>"; };
		A951C8FF2CEE23C3006828F8 /* Constant.swift */ = {isa = PBXFileReference; lastKnownFileType = sourcecode.swift; path = Constant.swift; sourceTree = "<group>"; };
		A95E93F12CEBFC3D00D9D033 /* UIColor+Extension.swift */ = {isa = PBXFileReference; lastKnownFileType = sourcecode.swift; path = "UIColor+Extension.swift"; sourceTree = "<group>"; };
		A96F64372CEA9F6800B5939B /* Images.swift */ = {isa = PBXFileReference; lastKnownFileType = sourcecode.swift; path = Images.swift; sourceTree = "<group>"; };
		A96F64382CEA9F6800B5939B /* Status.swift */ = {isa = PBXFileReference; lastKnownFileType = sourcecode.swift; path = Status.swift; sourceTree = "<group>"; };
		A96F643A2CEA9F6800B5939B /* UIButton+Extension.swift */ = {isa = PBXFileReference; lastKnownFileType = sourcecode.swift; path = "UIButton+Extension.swift"; sourceTree = "<group>"; };
		A96F643B2CEA9F6800B5939B /* UILabel+Extension.swift */ = {isa = PBXFileReference; lastKnownFileType = sourcecode.swift; path = "UILabel+Extension.swift"; sourceTree = "<group>"; };
		A96F643C2CEA9F6800B5939B /* UITextField+Extension.swift */ = {isa = PBXFileReference; lastKnownFileType = sourcecode.swift; path = "UITextField+Extension.swift"; sourceTree = "<group>"; };
		A96F643D2CEA9F6800B5939B /* UIViewController+Extension.swift */ = {isa = PBXFileReference; lastKnownFileType = sourcecode.swift; path = "UIViewController+Extension.swift"; sourceTree = "<group>"; };
		A96F643E2CEA9F6800B5939B /* UIWindow.swift */ = {isa = PBXFileReference; lastKnownFileType = sourcecode.swift; path = UIWindow.swift; sourceTree = "<group>"; };
		A96F64402CEA9F6800B5939B /* circular-std-medium-500.ttf */ = {isa = PBXFileReference; lastKnownFileType = file; path = "circular-std-medium-500.ttf"; sourceTree = "<group>"; };
		A96F64412CEA9F6800B5939B /* CircularStd-Bold.otf */ = {isa = PBXFileReference; lastKnownFileType = file; path = "CircularStd-Bold.otf"; sourceTree = "<group>"; };
		A96F64422CEA9F6800B5939B /* CircularStd-Book.ttf */ = {isa = PBXFileReference; lastKnownFileType = file; path = "CircularStd-Book.ttf"; sourceTree = "<group>"; };
		A96F64432CEA9F6800B5939B /* Gabarito-Bold.ttf */ = {isa = PBXFileReference; lastKnownFileType = file; path = "Gabarito-Bold.ttf"; sourceTree = "<group>"; };
		A96F64542CEAA0F400B5939B /* OrdersTVCell.swift */ = {isa = PBXFileReference; lastKnownFileType = sourcecode.swift; path = OrdersTVCell.swift; sourceTree = "<group>"; };
		A96F64552CEAA0F400B5939B /* OrdersTVCell.xib */ = {isa = PBXFileReference; lastKnownFileType = file.xib; path = OrdersTVCell.xib; sourceTree = "<group>"; };
		A96F64592CEAA0F400B5939B /* OrdersCVCell.swift */ = {isa = PBXFileReference; lastKnownFileType = sourcecode.swift; path = OrdersCVCell.swift; sourceTree = "<group>"; };
		A96F645A2CEAA0F400B5939B /* OrdersCVCell.xib */ = {isa = PBXFileReference; lastKnownFileType = file.xib; path = OrdersCVCell.xib; sourceTree = "<group>"; };
		A96F645E2CEAA32C00B5939B /* WishlistModel.swift */ = {isa = PBXFileReference; lastKnownFileType = sourcecode.swift; path = WishlistModel.swift; sourceTree = "<group>"; };
		A96F647A2CEAC64300B5939B /* OrderSummary.swift */ = {isa = PBXFileReference; lastKnownFileType = sourcecode.swift; path = OrderSummary.swift; sourceTree = "<group>"; };
		A96F64D32CEBA4DE00B5939B /* PaymentSection.swift */ = {isa = PBXFileReference; lastKnownFileType = sourcecode.swift; path = PaymentSection.swift; sourceTree = "<group>"; };
		A96F64DE2CEBB9CC00B5939B /* UIView+Extension.swift */ = {isa = PBXFileReference; lastKnownFileType = sourcecode.swift; path = "UIView+Extension.swift"; sourceTree = "<group>"; };
		A9AC2C0B2CEA7BF5008C3D6D /* AboutYourselfViewController.swift */ = {isa = PBXFileReference; lastKnownFileType = sourcecode.swift; path = AboutYourselfViewController.swift; sourceTree = "<group>"; };
		A9AC2C0E2CEA7BF5008C3D6D /* AccountTVCell.swift */ = {isa = PBXFileReference; lastKnownFileType = sourcecode.swift; path = AccountTVCell.swift; sourceTree = "<group>"; };
		A9AC2C0F2CEA7BF5008C3D6D /* AccountTVCell.xib */ = {isa = PBXFileReference; lastKnownFileType = file.xib; path = AccountTVCell.xib; sourceTree = "<group>"; };
		A9AC2C112CEA7BF5008C3D6D /* AccountVC.swift */ = {isa = PBXFileReference; lastKnownFileType = sourcecode.swift; path = AccountVC.swift; sourceTree = "<group>"; };
		A9AC2C122CEA7BF5008C3D6D /* AccountVC.xib */ = {isa = PBXFileReference; lastKnownFileType = file.xib; path = AccountVC.xib; sourceTree = "<group>"; };
		A9AC2C152CEA7BF5008C3D6D /* AddressVC.swift */ = {isa = PBXFileReference; lastKnownFileType = sourcecode.swift; path = AddressVC.swift; sourceTree = "<group>"; };
		A9AC2C182CEA7BF5008C3D6D /* CreateAccountVC.swift */ = {isa = PBXFileReference; lastKnownFileType = sourcecode.swift; path = CreateAccountVC.swift; sourceTree = "<group>"; };
		A9AC2C292CEA7BF5008C3D6D /* ForgotPasswordVC.swift */ = {isa = PBXFileReference; lastKnownFileType = sourcecode.swift; path = ForgotPasswordVC.swift; sourceTree = "<group>"; };
		A9AC2C2C2CEA7BF5008C3D6D /* HandleMessageView.swift */ = {isa = PBXFileReference; lastKnownFileType = sourcecode.swift; path = HandleMessageView.swift; sourceTree = "<group>"; };
		A9AC2C2D2CEA7BF5008C3D6D /* HandleMessageView.xib */ = {isa = PBXFileReference; lastKnownFileType = file.xib; path = HandleMessageView.xib; sourceTree = "<group>"; };
		A9AC2C2F2CEA7BF5008C3D6D /* HelpVC.swift */ = {isa = PBXFileReference; lastKnownFileType = sourcecode.swift; path = HelpVC.swift; sourceTree = "<group>"; };
		A9AC2C302CEA7BF5008C3D6D /* HelpVC.xib */ = {isa = PBXFileReference; lastKnownFileType = file.xib; path = HelpVC.xib; sourceTree = "<group>"; };
		A9AC2C322CEA7BF5008C3D6D /* CategoriesCVCell.swift */ = {isa = PBXFileReference; lastKnownFileType = sourcecode.swift; path = CategoriesCVCell.swift; sourceTree = "<group>"; };
		A9AC2C332CEA7BF5008C3D6D /* CategoriesCVCell.xib */ = {isa = PBXFileReference; lastKnownFileType = file.xib; path = CategoriesCVCell.xib; sourceTree = "<group>"; };
		A9AC2C352CEA7BF5008C3D6D /* HomeHeaderReusable.swift */ = {isa = PBXFileReference; lastKnownFileType = sourcecode.swift; path = HomeHeaderReusable.swift; sourceTree = "<group>"; };
		A9AC2C362CEA7BF5008C3D6D /* HomeHeaderReusable.xib */ = {isa = PBXFileReference; lastKnownFileType = file.xib; path = HomeHeaderReusable.xib; sourceTree = "<group>"; };
		A9AC2C382CEA7BF5008C3D6D /* TopSellingCVCell.swift */ = {isa = PBXFileReference; lastKnownFileType = sourcecode.swift; path = TopSellingCVCell.swift; sourceTree = "<group>"; };
		A9AC2C392CEA7BF5008C3D6D /* TopSellingCVCell.xib */ = {isa = PBXFileReference; lastKnownFileType = file.xib; path = TopSellingCVCell.xib; sourceTree = "<group>"; };
		A9AC2C3C2CEA7BF5008C3D6D /* HomeVC.swift */ = {isa = PBXFileReference; lastKnownFileType = sourcecode.swift; path = HomeVC.swift; sourceTree = "<group>"; };
		A9AC2C3D2CEA7BF5008C3D6D /* HomeVC.xib */ = {isa = PBXFileReference; lastKnownFileType = file.xib; path = HomeVC.xib; sourceTree = "<group>"; };
		A9AC2C3F2CEA7BF5008C3D6D /* LoginPasswordVC.swift */ = {isa = PBXFileReference; lastKnownFileType = sourcecode.swift; path = LoginPasswordVC.swift; sourceTree = "<group>"; };
		A9AC2C422CEA7BF5008C3D6D /* MainTabBarVC.swift */ = {isa = PBXFileReference; lastKnownFileType = sourcecode.swift; path = MainTabBarVC.swift; sourceTree = "<group>"; };
		A9AC2C442CEA7BF5008C3D6D /* CategoryModel.swift */ = {isa = PBXFileReference; lastKnownFileType = sourcecode.swift; path = CategoryModel.swift; sourceTree = "<group>"; };
		A9AC2C452CEA7BF5008C3D6D /* HandleMessageModel.swift */ = {isa = PBXFileReference; lastKnownFileType = sourcecode.swift; path = HandleMessageModel.swift; sourceTree = "<group>"; };
		A9AC2C462CEA7BF5008C3D6D /* HomeHeaderModel.swift */ = {isa = PBXFileReference; lastKnownFileType = sourcecode.swift; path = HomeHeaderModel.swift; sourceTree = "<group>"; };
		A9AC2C472CEA7BF5008C3D6D /* Message.swift */ = {isa = PBXFileReference; lastKnownFileType = sourcecode.swift; path = Message.swift; sourceTree = "<group>"; };
		A9AC2C482CEA7BF5008C3D6D /* OrdersModel.swift */ = {isa = PBXFileReference; lastKnownFileType = sourcecode.swift; path = OrdersModel.swift; sourceTree = "<group>"; };
		A9AC2C4A2CEA7BF5008C3D6D /* OrderStatusModel.swift */ = {isa = PBXFileReference; lastKnownFileType = sourcecode.swift; path = OrderStatusModel.swift; sourceTree = "<group>"; };
		A9AC2C4B2CEA7BF5008C3D6D /* Products.swift */ = {isa = PBXFileReference; lastKnownFileType = sourcecode.swift; path = Products.swift; sourceTree = "<group>"; };
		A9AC2C4E2CEA7BF5008C3D6D /* NotificationsVC.swift */ = {isa = PBXFileReference; lastKnownFileType = sourcecode.swift; path = NotificationsVC.swift; sourceTree = "<group>"; };
		A9AC2C4F2CEA7BF5008C3D6D /* NotificationsVC.xib */ = {isa = PBXFileReference; lastKnownFileType = file.xib; path = NotificationsVC.xib; sourceTree = "<group>"; };
		A9AC2C562CEA7BF5008C3D6D /* OrdersVC.swift */ = {isa = PBXFileReference; lastKnownFileType = sourcecode.swift; path = OrdersVC.swift; sourceTree = "<group>"; };
		A9AC2C572CEA7BF5008C3D6D /* OrdersVC.xib */ = {isa = PBXFileReference; lastKnownFileType = file.xib; path = OrdersVC.xib; sourceTree = "<group>"; };
		A9AC2C592CEA7BF5008C3D6D /* OrderDetailsTVCell.swift */ = {isa = PBXFileReference; lastKnownFileType = sourcecode.swift; path = OrderDetailsTVCell.swift; sourceTree = "<group>"; };
		A9AC2C5A2CEA7BF5008C3D6D /* OrderDetailsTVCell.xib */ = {isa = PBXFileReference; lastKnownFileType = file.xib; path = OrderDetailsTVCell.xib; sourceTree = "<group>"; };
		A9AC2C5C2CEA7BF5008C3D6D /* OrderDetailsVC.swift */ = {isa = PBXFileReference; lastKnownFileType = sourcecode.swift; path = OrderDetailsVC.swift; sourceTree = "<group>"; };
		A9AC2C5D2CEA7BF5008C3D6D /* OrderDetailsVC.xib */ = {isa = PBXFileReference; lastKnownFileType = file.xib; path = OrderDetailsVC.xib; sourceTree = "<group>"; };
		A9AC2C5F2CEA7BF5008C3D6D /* PaymentVC.swift */ = {isa = PBXFileReference; lastKnownFileType = sourcecode.swift; path = PaymentVC.swift; sourceTree = "<group>"; };
		A9AC2C622CEA7BF5008C3D6D /* ResetPasswordVC.swift */ = {isa = PBXFileReference; lastKnownFileType = sourcecode.swift; path = ResetPasswordVC.swift; sourceTree = "<group>"; };
		A9AC2C632CEA7BF5008C3D6D /* ResetPasswordVC.xib */ = {isa = PBXFileReference; lastKnownFileType = file.xib; path = ResetPasswordVC.xib; sourceTree = "<group>"; };
		A9AC2C652CEA7BF5008C3D6D /* ShopByCategoriesTVCell.swift */ = {isa = PBXFileReference; lastKnownFileType = sourcecode.swift; path = ShopByCategoriesTVCell.swift; sourceTree = "<group>"; };
		A9AC2C662CEA7BF5008C3D6D /* ShopByCategoriesTVCell.xib */ = {isa = PBXFileReference; lastKnownFileType = file.xib; path = ShopByCategoriesTVCell.xib; sourceTree = "<group>"; };
		A9AC2C682CEA7BF5008C3D6D /* ShopByCategoriesVC.swift */ = {isa = PBXFileReference; lastKnownFileType = sourcecode.swift; path = ShopByCategoriesVC.swift; sourceTree = "<group>"; };
		A9AC2C692CEA7BF5008C3D6D /* ShopByCategoriesVC.xib */ = {isa = PBXFileReference; lastKnownFileType = file.xib; path = ShopByCategoriesVC.xib; sourceTree = "<group>"; };
		A9AC2C6B2CEA7BF5008C3D6D /* ShopByCategoriesNameVC.swift */ = {isa = PBXFileReference; lastKnownFileType = sourcecode.swift; path = ShopByCategoriesNameVC.swift; sourceTree = "<group>"; };
		A9AC2C6C2CEA7BF5008C3D6D /* ShopByCategoriesNameVC.xib */ = {isa = PBXFileReference; lastKnownFileType = file.xib; path = ShopByCategoriesNameVC.xib; sourceTree = "<group>"; };
		A9AC2C6E2CEA7BF5008C3D6D /* SignInViewController.swift */ = {isa = PBXFileReference; lastKnownFileType = sourcecode.swift; path = SignInViewController.swift; sourceTree = "<group>"; };
		A9AC2C712CEA7BF5008C3D6D /* SupportVC.swift */ = {isa = PBXFileReference; lastKnownFileType = sourcecode.swift; path = SupportVC.swift; sourceTree = "<group>"; };
		A9AC2C722CEA7BF5008C3D6D /* SupportVC.xib */ = {isa = PBXFileReference; lastKnownFileType = file.xib; path = SupportVC.xib; sourceTree = "<group>"; };
		A9AC2C742CEA7BF5008C3D6D /* WishlistVC.swift */ = {isa = PBXFileReference; lastKnownFileType = sourcecode.swift; path = WishlistVC.swift; sourceTree = "<group>"; };
		A9AC2C772CEA7BF5008C3D6D /* AppDelegate.swift */ = {isa = PBXFileReference; lastKnownFileType = sourcecode.swift; path = AppDelegate.swift; sourceTree = "<group>"; };
		A9AC2C782CEA7BF5008C3D6D /* Assets.xcassets */ = {isa = PBXFileReference; lastKnownFileType = folder.assetcatalog; path = Assets.xcassets; sourceTree = "<group>"; };
		A9AC2C792CEA7BF5008C3D6D /* Colors.xcassets */ = {isa = PBXFileReference; lastKnownFileType = folder.assetcatalog; path = Colors.xcassets; sourceTree = "<group>"; };
		A9AC2C7A2CEA7BF5008C3D6D /* Info.plist */ = {isa = PBXFileReference; lastKnownFileType = text.plist.xml; path = Info.plist; sourceTree = "<group>"; };
		A9AC2C7B2CEA7BF5008C3D6D /* Base */ = {isa = PBXFileReference; lastKnownFileType = file.storyboard; name = Base; path = Base.lproj/LaunchScreen.storyboard; sourceTree = "<group>"; };
		A9AC2C7D2CEA7BF5008C3D6D /* SceneDelegate.swift */ = {isa = PBXFileReference; lastKnownFileType = sourcecode.swift; path = SceneDelegate.swift; sourceTree = "<group>"; };
		A9AC2C7E2CEA7BF5008C3D6D /* ViewController.swift */ = {isa = PBXFileReference; lastKnownFileType = sourcecode.swift; path = ViewController.swift; sourceTree = "<group>"; };
		A9AC2CDB2CEA9194008C3D6D /* WishlistVC.xib */ = {isa = PBXFileReference; lastKnownFileType = file.xib; path = WishlistVC.xib; sourceTree = "<group>"; };
		A9AC2CDD2CEA91BE008C3D6D /* PaymentVC.xib */ = {isa = PBXFileReference; lastKnownFileType = file.xib; path = PaymentVC.xib; sourceTree = "<group>"; };
		A9AC2CF32CEA9654008C3D6D /* AddressTVCell.swift */ = {isa = PBXFileReference; lastKnownFileType = sourcecode.swift; path = AddressTVCell.swift; sourceTree = "<group>"; };
		A9AC2CF42CEA9654008C3D6D /* AddressTVCell.xib */ = {isa = PBXFileReference; lastKnownFileType = file.xib; path = AddressTVCell.xib; sourceTree = "<group>"; };
		A9AC2CF62CEA9654008C3D6D /* AddAddressVC.swift */ = {isa = PBXFileReference; lastKnownFileType = sourcecode.swift; path = AddAddressVC.swift; sourceTree = "<group>"; };
		A9AC2CF72CEA9654008C3D6D /* AddAddressVC.xib */ = {isa = PBXFileReference; lastKnownFileType = file.xib; path = AddAddressVC.xib; sourceTree = "<group>"; };
		A9AC2CFD2CEA9775008C3D6D /* AddressVC.xib */ = {isa = PBXFileReference; lastKnownFileType = file.xib; path = AddressVC.xib; sourceTree = "<group>"; };
		A9B60F9D2CEBE02F0018B9B8 /* OrdersStateModel.swift */ = {isa = PBXFileReference; lastKnownFileType = sourcecode.swift; path = OrdersStateModel.swift; sourceTree = "<group>"; };
		A9E2A0F12CE649130081A76C /* FashionApp.app */ = {isa = PBXFileReference; explicitFileType = wrapper.application; includeInIndex = 0; path = FashionApp.app; sourceTree = BUILT_PRODUCTS_DIR; };
/* End PBXFileReference section */

/* Begin PBXFileSystemSynchronizedRootGroup section */
		A951C8AF2CECF0E9006828F8 /* SearchByName */ = {
			isa = PBXFileSystemSynchronizedRootGroup;
			path = SearchByName;
			sourceTree = "<group>";
		};
		A96F64602CEAA36700B5939B /* Cell */ = {
			isa = PBXFileSystemSynchronizedRootGroup;
			path = Cell;
			sourceTree = "<group>";
		};
		A96F64D92CEBA5B900B5939B /* cell */ = {
			isa = PBXFileSystemSynchronizedRootGroup;
			path = cell;
			sourceTree = "<group>";
		};
/* End PBXFileSystemSynchronizedRootGroup section */

/* Begin PBXFrameworksBuildPhase section */
		A9E2A0EE2CE649130081A76C /* Frameworks */ = {
			isa = PBXFrameworksBuildPhase;
			buildActionMask = 2147483647;
			files = (
				A9050A1B2D0497CD00082847 /* SwiftMessages in Frameworks */,
				A9050A222D04984F00082847 /* MOLH in Frameworks */,
				A9050BF62D04E2A400082847 /* IQKeyboardManagerSwift in Frameworks */,
			);
			runOnlyForDeploymentPostprocessing = 0;
		};
/* End PBXFrameworksBuildPhase section */

/* Begin PBXGroup section */
		A9050A462D049BBF00082847 /* Localization  */ = {
			isa = PBXGroup;
			children = (
				A9050A452D049BBF00082847 /* Localizable.strings */,
			);
			path = "Localization ";
			sourceTree = "<group>";
		};
		A951C7DA2CEC0376006828F8 /* cell */ = {
			isa = PBXGroup;
			children = (
				A951C7D82CEC0376006828F8 /* ProductDetailsCVCell.swift */,
				A951C7D92CEC0376006828F8 /* ProductDetailsCVCell.xib */,
			);
			path = cell;
			sourceTree = "<group>";
		};
		A951C7DD2CEC0376006828F8 /* ProductDetails */ = {
			isa = PBXGroup;
			children = (
				A951C7DA2CEC0376006828F8 /* cell */,
				A951C7DB2CEC0376006828F8 /* ProductDetailsVC.swift */,
				A951C7DC2CEC0376006828F8 /* ProductDetailsVC.xib */,
				A951C8822CECD092006828F8 /* ReviewCell */,
			);
			path = ProductDetails;
			sourceTree = "<group>";
		};
		A951C8362CECBF1A006828F8 /* MyFavourites */ = {
			isa = PBXGroup;
			children = (
				A951C8342CECBF1A006828F8 /* MyFavouritesVC.swift */,
				A951C8352CECBF1A006828F8 /* MyFavouritesVC.xib */,
			);
			path = MyFavourites;
			sourceTree = "<group>";
		};
		A951C8692CECD003006828F8 /* Cell */ = {
			isa = PBXGroup;
			children = (
				A951C8672CECD003006828F8 /* CartTVCell.swift */,
				A951C8682CECD003006828F8 /* CartTVCell.xib */,
			);
			path = Cell;
			sourceTree = "<group>";
		};
		A951C86C2CECD003006828F8 /* Cart */ = {
			isa = PBXGroup;
			children = (
				A951C8692CECD003006828F8 /* Cell */,
				A951C86A2CECD003006828F8 /* CartVC.swift */,
				A951C86B2CECD003006828F8 /* CartVC.xib */,
			);
			path = Cart;
			sourceTree = "<group>";
		};
		A951C8732CECD00C006828F8 /* Cell */ = {
			isa = PBXGroup;
			children = (
				A951C8712CECD00C006828F8 /* CheckoutTVCell.swift */,
				A951C8722CECD00C006828F8 /* CheckoutTVCell.xib */,
			);
			path = Cell;
			sourceTree = "<group>";
		};
		A951C8762CECD00C006828F8 /* Checkout */ = {
			isa = PBXGroup;
			children = (
				A951C8732CECD00C006828F8 /* Cell */,
				A951C8742CECD00C006828F8 /* CheckoutVC.swift */,
				A951C8752CECD00C006828F8 /* CheckoutVC.xib */,
			);
			path = Checkout;
			sourceTree = "<group>";
		};
		A951C87D2CECD07B006828F8 /* OrderSuccess */ = {
			isa = PBXGroup;
			children = (
				A951C87B2CECD07B006828F8 /* OrderSuccessVC.swift */,
				A951C87C2CECD07B006828F8 /* OrderSuccessVC.xib */,
			);
			path = OrderSuccess;
			sourceTree = "<group>";
		};
		A951C8822CECD092006828F8 /* ReviewCell */ = {
			isa = PBXGroup;
			children = (
				A951C8802CECD092006828F8 /* ProductReviewCell.swift */,
				A951C8812CECD092006828F8 /* ProductReviewCell.xib */,
			);
			path = ReviewCell;
			sourceTree = "<group>";
		};
		A951C8872CECD2CA006828F8 /* cell */ = {
			isa = PBXGroup;
			children = (
				A951C8852CECD2CA006828F8 /* ProductDropDownTVCell.swift */,
				A951C8862CECD2CA006828F8 /* ProductDropDownTVCell.xib */,
			);
			path = cell;
			sourceTree = "<group>";
		};
		A951C88A2CECD2CA006828F8 /* ProductDropDown */ = {
			isa = PBXGroup;
			children = (
				A951C8872CECD2CA006828F8 /* cell */,
				A951C8882CECD2CA006828F8 /* ProductDropDownVC.swift */,
				A951C8892CECD2CA006828F8 /* ProductDropDownVC.xib */,
			);
			path = ProductDropDown;
			sourceTree = "<group>";
		};
		A96F64392CEA9F6800B5939B /* Enum */ = {
			isa = PBXGroup;
			children = (
				A951C8F52CEDF3F6006828F8 /* FilterOption.swift */,
				A9050A172D04974200082847 /* Size.swift */,
				A9050A272D049B8200082847 /* NavBarImg.swift */,
				A9050A282D049B8200082847 /* VcTitle.swift */,
				A9050A292D049B8200082847 /* NavBar.swift */,
				A9050A2B2D049B8200082847 /* AlertTit.swift */,
				A9050A2C2D049B8200082847 /* BACK.swift */,
				A9050A2E2D049B8200082847 /* LocalizedTextField.swift */,
				A9050C5F2D054B1100082847 /* AgeRange.swift */,
				A9050A312D049B8200082847 /* lbls.swift */,
				A9050A322D049B8200082847 /* ValidMessage.swift */,
				A9050A332D049B8200082847 /* LocalizedButtons.swift */,
				A9AC2C472CEA7BF5008C3D6D /* Message.swift */,
				A96F64372CEA9F6800B5939B /* Images.swift */,
				A96F64382CEA9F6800B5939B /* Status.swift */,
				A951C8292CECB11A006828F8 /* Fonts.swift */,
				A951C82F2CECBA4E006828F8 /* AccountSetting.swift */,
				A951C8F72CEE1D22006828F8 /* Assets.swift */,
				A951C8F92CEE1D3A006828F8 /* CatagoryTitle.swift */,
				A951C8FB2CEE1D88006828F8 /* Category.swift */,
				A951C8FD2CEE20AA006828F8 /* Gender.swift */,
				A9050A132D04906000082847 /* Colors.swift */,
				A9050A252D0499CA00082847 /* Direction.swift */,
			);
			path = Enum;
			sourceTree = "<group>";
		};
		A96F643F2CEA9F6800B5939B /* Extension */ = {
			isa = PBXGroup;
			children = (
				A96F643A2CEA9F6800B5939B /* UIButton+Extension.swift */,
				A951C82B2CECB5F9006828F8 /* UITextField+Extesion.swift */,
				A95E93F12CEBFC3D00D9D033 /* UIColor+Extension.swift */,
				A96F643B2CEA9F6800B5939B /* UILabel+Extension.swift */,
				A9050A482D049C4000082847 /* String+Extensions.swift */,
				A96F643C2CEA9F6800B5939B /* UITextField+Extension.swift */,
				A951C82D2CECB9A0006828F8 /* UITableview+Extension.swift */,
				A96F643D2CEA9F6800B5939B /* UIViewController+Extension.swift */,
				A96F64DE2CEBB9CC00B5939B /* UIView+Extension.swift */,
				A96F643E2CEA9F6800B5939B /* UIWindow.swift */,
				A951C8312CECBE5E006828F8 /* UICollectionView+Extension.swift */,
			);
			path = Extension;
			sourceTree = "<group>";
		};
		A96F64442CEA9F6800B5939B /* Fonts */ = {
			isa = PBXGroup;
			children = (
				A96F64402CEA9F6800B5939B /* circular-std-medium-500.ttf */,
				A96F64412CEA9F6800B5939B /* CircularStd-Bold.otf */,
				A96F64422CEA9F6800B5939B /* CircularStd-Book.ttf */,
				A96F64432CEA9F6800B5939B /* Gabarito-Bold.ttf */,
			);
			path = Fonts;
			sourceTree = "<group>";
		};
		A96F64452CEA9F6800B5939B /* Utilties */ = {
			isa = PBXGroup;
			children = (
				A96F64392CEA9F6800B5939B /* Enum */,
				A96F643F2CEA9F6800B5939B /* Extension */,
				A96F64442CEA9F6800B5939B /* Fonts */,
				A951C8FF2CEE23C3006828F8 /* Constant.swift */,
				A9050A412D049BB100082847 /* KHTxtField.swift */,
				A9050A1E2D0497D900082847 /* Helper.swift */,
			);
			path = Utilties;
			sourceTree = "<group>";
		};
		A96F64562CEAA0F400B5939B /* Table */ = {
			isa = PBXGroup;
			children = (
				A96F64542CEAA0F400B5939B /* OrdersTVCell.swift */,
				A96F64552CEAA0F400B5939B /* OrdersTVCell.xib */,
			);
			path = Table;
			sourceTree = "<group>";
		};
		A96F645B2CEAA0F400B5939B /* Collection */ = {
			isa = PBXGroup;
			children = (
				A96F64592CEAA0F400B5939B /* OrdersCVCell.swift */,
				A96F645A2CEAA0F400B5939B /* OrdersCVCell.xib */,
			);
			path = Collection;
			sourceTree = "<group>";
		};
		A9AC2C0D2CEA7BF5008C3D6D /* AboutYourself */ = {
			isa = PBXGroup;
			children = (
				A9AC2C0B2CEA7BF5008C3D6D /* AboutYourselfViewController.swift */,
				A9050C5C2D053DC200082847 /* AboutYourselfViewController.xib */,
			);
			path = AboutYourself;
			sourceTree = "<group>";
		};
		A9AC2C102CEA7BF5008C3D6D /* Cell */ = {
			isa = PBXGroup;
			children = (
				A9AC2C0E2CEA7BF5008C3D6D /* AccountTVCell.swift */,
				A9AC2C0F2CEA7BF5008C3D6D /* AccountTVCell.xib */,
			);
			path = Cell;
			sourceTree = "<group>";
		};
		A9AC2C132CEA7BF5008C3D6D /* Account */ = {
			isa = PBXGroup;
			children = (
				A9AC2C102CEA7BF5008C3D6D /* Cell */,
				A9AC2C112CEA7BF5008C3D6D /* AccountVC.swift */,
				A9AC2C122CEA7BF5008C3D6D /* AccountVC.xib */,
			);
			path = Account;
			sourceTree = "<group>";
		};
		A9AC2C172CEA7BF5008C3D6D /* Address */ = {
			isa = PBXGroup;
			children = (
				A9AC2CF52CEA9654008C3D6D /* Cell */,
				A9AC2CFD2CEA9775008C3D6D /* AddressVC.xib */,
				A9AC2C152CEA7BF5008C3D6D /* AddressVC.swift */,
			);
			path = Address;
			sourceTree = "<group>";
		};
		A9AC2C1A2CEA7BF5008C3D6D /* CreateAccount */ = {
			isa = PBXGroup;
			children = (
				A9AC2C182CEA7BF5008C3D6D /* CreateAccountVC.swift */,
				A9050C622D05511D00082847 /* CreateAccountVC.xib */,
			);
			path = CreateAccount;
			sourceTree = "<group>";
		};
		A9AC2C2B2CEA7BF5008C3D6D /* ForgotPasswordVC */ = {
			isa = PBXGroup;
			children = (
				A9AC2C292CEA7BF5008C3D6D /* ForgotPasswordVC.swift */,
				A9050C582D05311700082847 /* ForgotPasswordVC.xib */,
			);
			path = ForgotPasswordVC;
			sourceTree = "<group>";
		};
		A9AC2C2E2CEA7BF5008C3D6D /* HandleMessageView */ = {
			isa = PBXGroup;
			children = (
				A9AC2C2C2CEA7BF5008C3D6D /* HandleMessageView.swift */,
				A9AC2C2D2CEA7BF5008C3D6D /* HandleMessageView.xib */,
			);
			path = HandleMessageView;
			sourceTree = "<group>";
		};
		A9AC2C312CEA7BF5008C3D6D /* Help */ = {
			isa = PBXGroup;
			children = (
				A9AC2C2F2CEA7BF5008C3D6D /* HelpVC.swift */,
				A9AC2C302CEA7BF5008C3D6D /* HelpVC.xib */,
			);
			path = Help;
			sourceTree = "<group>";
		};
		A9AC2C342CEA7BF5008C3D6D /* Categories */ = {
			isa = PBXGroup;
			children = (
				A9AC2C322CEA7BF5008C3D6D /* CategoriesCVCell.swift */,
				A9AC2C332CEA7BF5008C3D6D /* CategoriesCVCell.xib */,
			);
			path = Categories;
			sourceTree = "<group>";
		};
		A9AC2C372CEA7BF5008C3D6D /* Header */ = {
			isa = PBXGroup;
			children = (
				A9AC2C352CEA7BF5008C3D6D /* HomeHeaderReusable.swift */,
				A9AC2C362CEA7BF5008C3D6D /* HomeHeaderReusable.xib */,
			);
			path = Header;
			sourceTree = "<group>";
		};
		A9AC2C3A2CEA7BF5008C3D6D /* TopSelling */ = {
			isa = PBXGroup;
			children = (
				A9AC2C382CEA7BF5008C3D6D /* TopSellingCVCell.swift */,
				A9AC2C392CEA7BF5008C3D6D /* TopSellingCVCell.xib */,
			);
			path = TopSelling;
			sourceTree = "<group>";
		};
		A9AC2C3B2CEA7BF5008C3D6D /* Cells */ = {
			isa = PBXGroup;
			children = (
				A9AC2C342CEA7BF5008C3D6D /* Categories */,
				A9AC2C372CEA7BF5008C3D6D /* Header */,
				A9AC2C3A2CEA7BF5008C3D6D /* TopSelling */,
			);
			path = Cells;
			sourceTree = "<group>";
		};
		A9AC2C3E2CEA7BF5008C3D6D /* Home */ = {
			isa = PBXGroup;
			children = (
				A9AC2C3B2CEA7BF5008C3D6D /* Cells */,
				A9AC2C3C2CEA7BF5008C3D6D /* HomeVC.swift */,
				A9AC2C3D2CEA7BF5008C3D6D /* HomeVC.xib */,
			);
			path = Home;
			sourceTree = "<group>";
		};
		A9AC2C412CEA7BF5008C3D6D /* LoginPassword */ = {
			isa = PBXGroup;
			children = (
				A9AC2C3F2CEA7BF5008C3D6D /* LoginPasswordVC.swift */,
				A9050C542D05308A00082847 /* LoginPasswordVC.xib */,
			);
			path = LoginPassword;
			sourceTree = "<group>";
		};
		A9AC2C432CEA7BF5008C3D6D /* MainTabBar */ = {
			isa = PBXGroup;
			children = (
				A9AC2C422CEA7BF5008C3D6D /* MainTabBarVC.swift */,
			);
			path = MainTabBar;
			sourceTree = "<group>";
		};
		A9AC2C4C2CEA7BF5008C3D6D /* Dummy */ = {
			isa = PBXGroup;
			children = (
				A9AC2C442CEA7BF5008C3D6D /* CategoryModel.swift */,
				A96F64D32CEBA4DE00B5939B /* PaymentSection.swift */,
				A9AC2C452CEA7BF5008C3D6D /* HandleMessageModel.swift */,
				A9B60F9D2CEBE02F0018B9B8 /* OrdersStateModel.swift */,
				A9AC2C462CEA7BF5008C3D6D /* HomeHeaderModel.swift */,
				A9AC2C482CEA7BF5008C3D6D /* OrdersModel.swift */,
				A9AC2C4A2CEA7BF5008C3D6D /* OrderStatusModel.swift */,
				A9AC2C4B2CEA7BF5008C3D6D /* Products.swift */,
				A90509842D04899E00082847 /* DummyAddress.swift */,
				A96F645E2CEAA32C00B5939B /* WishlistModel.swift */,
				A96F647A2CEAC64300B5939B /* OrderSummary.swift */,
			);
			path = Dummy;
			sourceTree = "<group>";
		};
		A9AC2C4D2CEA7BF5008C3D6D /* Model */ = {
			isa = PBXGroup;
			children = (
				A9AC2C4C2CEA7BF5008C3D6D /* Dummy */,
			);
			path = Model;
			sourceTree = "<group>";
		};
		A9AC2C502CEA7BF5008C3D6D /* Notifications */ = {
			isa = PBXGroup;
			children = (
				A9AC2C4E2CEA7BF5008C3D6D /* NotificationsVC.swift */,
				A9AC2C4F2CEA7BF5008C3D6D /* NotificationsVC.xib */,
			);
			path = Notifications;
			sourceTree = "<group>";
		};
		A9AC2C552CEA7BF5008C3D6D /* Cell */ = {
			isa = PBXGroup;
			children = (
				A96F645B2CEAA0F400B5939B /* Collection */,
				A96F64562CEAA0F400B5939B /* Table */,
			);
			path = Cell;
			sourceTree = "<group>";
		};
		A9AC2C582CEA7BF5008C3D6D /* Order */ = {
			isa = PBXGroup;
			children = (
				A9AC2C552CEA7BF5008C3D6D /* Cell */,
				A9AC2C562CEA7BF5008C3D6D /* OrdersVC.swift */,
				A9AC2C572CEA7BF5008C3D6D /* OrdersVC.xib */,
			);
			path = Order;
			sourceTree = "<group>";
		};
		A9AC2C5B2CEA7BF5008C3D6D /* Cell */ = {
			isa = PBXGroup;
			children = (
				A9AC2C592CEA7BF5008C3D6D /* OrderDetailsTVCell.swift */,
				A9AC2C5A2CEA7BF5008C3D6D /* OrderDetailsTVCell.xib */,
			);
			path = Cell;
			sourceTree = "<group>";
		};
		A9AC2C5E2CEA7BF5008C3D6D /* OrderDetails */ = {
			isa = PBXGroup;
			children = (
				A9AC2C5B2CEA7BF5008C3D6D /* Cell */,
				A9AC2C5C2CEA7BF5008C3D6D /* OrderDetailsVC.swift */,
				A9AC2C5D2CEA7BF5008C3D6D /* OrderDetailsVC.xib */,
			);
			path = OrderDetails;
			sourceTree = "<group>";
		};
		A9AC2C612CEA7BF5008C3D6D /* Payment */ = {
			isa = PBXGroup;
			children = (
				A96F64D92CEBA5B900B5939B /* cell */,
				A9AC2CDD2CEA91BE008C3D6D /* PaymentVC.xib */,
				A9AC2C5F2CEA7BF5008C3D6D /* PaymentVC.swift */,
			);
			path = Payment;
			sourceTree = "<group>";
		};
		A9AC2C642CEA7BF5008C3D6D /* ResetPassword */ = {
			isa = PBXGroup;
			children = (
				A9AC2C622CEA7BF5008C3D6D /* ResetPasswordVC.swift */,
				A9AC2C632CEA7BF5008C3D6D /* ResetPasswordVC.xib */,
			);
			path = ResetPassword;
			sourceTree = "<group>";
		};
		A9AC2C672CEA7BF5008C3D6D /* Cell */ = {
			isa = PBXGroup;
			children = (
				A9AC2C652CEA7BF5008C3D6D /* ShopByCategoriesTVCell.swift */,
				A9AC2C662CEA7BF5008C3D6D /* ShopByCategoriesTVCell.xib */,
			);
			path = Cell;
			sourceTree = "<group>";
		};
		A9AC2C6A2CEA7BF5008C3D6D /* ShopbyCategories */ = {
			isa = PBXGroup;
			children = (
				A9AC2C672CEA7BF5008C3D6D /* Cell */,
				A9AC2C682CEA7BF5008C3D6D /* ShopByCategoriesVC.swift */,
				A9AC2C692CEA7BF5008C3D6D /* ShopByCategoriesVC.xib */,
			);
			path = ShopbyCategories;
			sourceTree = "<group>";
		};
		A9AC2C6D2CEA7BF5008C3D6D /* ShopByCategoriesName */ = {
			isa = PBXGroup;
			children = (
				A9AC2C6B2CEA7BF5008C3D6D /* ShopByCategoriesNameVC.swift */,
				A9AC2C6C2CEA7BF5008C3D6D /* ShopByCategoriesNameVC.xib */,
			);
			path = ShopByCategoriesName;
			sourceTree = "<group>";
		};
		A9AC2C702CEA7BF5008C3D6D /* SignIn */ = {
			isa = PBXGroup;
			children = (
				A9AC2C6E2CEA7BF5008C3D6D /* SignInViewController.swift */,
				A9050C4E2D05188300082847 /* SignInViewController.xib */,
			);
			path = SignIn;
			sourceTree = "<group>";
		};
		A9AC2C732CEA7BF5008C3D6D /* Support */ = {
			isa = PBXGroup;
			children = (
				A9AC2C712CEA7BF5008C3D6D /* SupportVC.swift */,
				A9AC2C722CEA7BF5008C3D6D /* SupportVC.xib */,
			);
			path = Support;
			sourceTree = "<group>";
		};
		A9AC2C762CEA7BF5008C3D6D /* Wishlist */ = {
			isa = PBXGroup;
			children = (
				A96F64602CEAA36700B5939B /* Cell */,
				A9AC2C742CEA7BF5008C3D6D /* WishlistVC.swift */,
				A9AC2CDB2CEA9194008C3D6D /* WishlistVC.xib */,
			);
			path = Wishlist;
			sourceTree = "<group>";
		};
		A9AC2C7F2CEA7BF5008C3D6D /* FashionApp */ = {
			isa = PBXGroup;
			children = (
				A9050A462D049BBF00082847 /* Localization  */,
				A9AC2C2B2CEA7BF5008C3D6D /* ForgotPasswordVC */,
				A9AC2C412CEA7BF5008C3D6D /* LoginPassword */,
				A9AC2C702CEA7BF5008C3D6D /* SignIn */,
				A9AC2C1A2CEA7BF5008C3D6D /* CreateAccount */,
				A9AC2C0D2CEA7BF5008C3D6D /* AboutYourself */,
				A951C8AF2CECF0E9006828F8 /* SearchByName */,
				A9AC2C3E2CEA7BF5008C3D6D /* Home */,
				A951C7DD2CEC0376006828F8 /* ProductDetails */,
				A951C88A2CECD2CA006828F8 /* ProductDropDown */,
				A951C87D2CECD07B006828F8 /* OrderSuccess */,
				A951C8762CECD00C006828F8 /* Checkout */,
				A951C86C2CECD003006828F8 /* Cart */,
				A9AC2C432CEA7BF5008C3D6D /* MainTabBar */,
				A9AC2C502CEA7BF5008C3D6D /* Notifications */,
				A9AC2C582CEA7BF5008C3D6D /* Order */,
				A9AC2C6A2CEA7BF5008C3D6D /* ShopbyCategories */,
				A9AC2C732CEA7BF5008C3D6D /* Support */,
				A9AC2C762CEA7BF5008C3D6D /* Wishlist */,
				A9AC2C312CEA7BF5008C3D6D /* Help */,
				A9AC2C132CEA7BF5008C3D6D /* Account */,
				A951C8362CECBF1A006828F8 /* MyFavourites */,
				A9AC2C6D2CEA7BF5008C3D6D /* ShopByCategoriesName */,
				A9AC2C642CEA7BF5008C3D6D /* ResetPassword */,
				A9AC2C5E2CEA7BF5008C3D6D /* OrderDetails */,
				A9AC2C612CEA7BF5008C3D6D /* Payment */,
				A9AC2C2E2CEA7BF5008C3D6D /* HandleMessageView */,
				A9AC2C172CEA7BF5008C3D6D /* Address */,
				A9AC2CF82CEA9654008C3D6D /* Add Address */,
				A9AC2C4D2CEA7BF5008C3D6D /* Model */,
				A9050BF22D04D86F00082847 /* UserDefaultsManager.swift */,
				A96F64452CEA9F6800B5939B /* Utilties */,
				A9AC2C772CEA7BF5008C3D6D /* AppDelegate.swift */,
				A9AC2C782CEA7BF5008C3D6D /* Assets.xcassets */,
				A9AC2C792CEA7BF5008C3D6D /* Colors.xcassets */,
				A9AC2C7A2CEA7BF5008C3D6D /* Info.plist */,
				A9AC2C7C2CEA7BF5008C3D6D /* LaunchScreen.storyboard */,
				A9AC2C7D2CEA7BF5008C3D6D /* SceneDelegate.swift */,
				A9AC2C7E2CEA7BF5008C3D6D /* ViewController.swift */,
			);
			path = FashionApp;
			sourceTree = "<group>";
		};
		A9AC2CF52CEA9654008C3D6D /* Cell */ = {
			isa = PBXGroup;
			children = (
				A9AC2CF32CEA9654008C3D6D /* AddressTVCell.swift */,
				A9AC2CF42CEA9654008C3D6D /* AddressTVCell.xib */,
			);
			path = Cell;
			sourceTree = "<group>";
		};
		A9AC2CF82CEA9654008C3D6D /* Add Address */ = {
			isa = PBXGroup;
			children = (
				A9AC2CF62CEA9654008C3D6D /* AddAddressVC.swift */,
				A9AC2CF72CEA9654008C3D6D /* AddAddressVC.xib */,
			);
			path = "Add Address";
			sourceTree = "<group>";
		};
		A9E2A0E82CE649130081A76C = {
			isa = PBXGroup;
			children = (
				A9AC2C7F2CEA7BF5008C3D6D /* FashionApp */,
				A9E2A0F22CE649130081A76C /* Products */,
			);
			sourceTree = "<group>";
		};
		A9E2A0F22CE649130081A76C /* Products */ = {
			isa = PBXGroup;
			children = (
				A9E2A0F12CE649130081A76C /* FashionApp.app */,
			);
			name = Products;
			sourceTree = "<group>";
		};
/* End PBXGroup section */

/* Begin PBXNativeTarget section */
		A9E2A0F02CE649130081A76C /* FashionApp */ = {
			isa = PBXNativeTarget;
			buildConfigurationList = A9E2A1042CE649140081A76C /* Build configuration list for PBXNativeTarget "FashionApp" */;
			buildPhases = (
				A9E2A0ED2CE649130081A76C /* Sources */,
				A9E2A0EE2CE649130081A76C /* Frameworks */,
				A9E2A0EF2CE649130081A76C /* Resources */,
			);
			buildRules = (
			);
			dependencies = (
			);
			fileSystemSynchronizedGroups = (
				A951C8AF2CECF0E9006828F8 /* SearchByName */,
				A96F64602CEAA36700B5939B /* Cell */,
				A96F64D92CEBA5B900B5939B /* cell */,
			);
			name = FashionApp;
			packageProductDependencies = (
				A9050A1A2D0497CD00082847 /* SwiftMessages */,
				A9050A212D04984F00082847 /* MOLH */,
				A9050BF52D04E2A400082847 /* IQKeyboardManagerSwift */,
			);
			productName = FashionApp;
			productReference = A9E2A0F12CE649130081A76C /* FashionApp.app */;
			productType = "com.apple.product-type.application";
		};
/* End PBXNativeTarget section */

/* Begin PBXProject section */
		A9E2A0E92CE649130081A76C /* Project object */ = {
			isa = PBXProject;
			attributes = {
				BuildIndependentTargetsInParallel = 1;
				LastSwiftUpdateCheck = 1600;
				LastUpgradeCheck = 1600;
				TargetAttributes = {
					A9E2A0F02CE649130081A76C = {
						CreatedOnToolsVersion = 16.0;
					};
				};
			};
			buildConfigurationList = A9E2A0EC2CE649130081A76C /* Build configuration list for PBXProject "FashionApp" */;
			developmentRegion = en;
			hasScannedForEncodings = 0;
			knownRegions = (
				en,
				Base,
				ar,
			);
			mainGroup = A9E2A0E82CE649130081A76C;
			minimizedProjectReferenceProxies = 1;
			packageReferences = (
				A9050A192D0497CD00082847 /* XCRemoteSwiftPackageReference "SwiftMessages" */,
				A9050A202D04984F00082847 /* XCRemoteSwiftPackageReference "MOLH" */,
				A9050BF42D04E2A400082847 /* XCRemoteSwiftPackageReference "IQKeyboardManager" */,
			);
			preferredProjectObjectVersion = 77;
			productRefGroup = A9E2A0F22CE649130081A76C /* Products */;
			projectDirPath = "";
			projectRoot = "";
			targets = (
				A9E2A0F02CE649130081A76C /* FashionApp */,
			);
		};
/* End PBXProject section */

/* Begin PBXResourcesBuildPhase section */
		A9E2A0EF2CE649130081A76C /* Resources */ = {
			isa = PBXResourcesBuildPhase;
			buildActionMask = 2147483647;
			files = (
				A9050C5D2D053DC200082847 /* AboutYourselfViewController.xib in Resources */,
				A9AC2CB92CEA7BF5008C3D6D /* AccountTVCell.xib in Resources */,
				A96F64572CEAA0F400B5939B /* OrdersTVCell.xib in Resources */,
				A9AC2CBA2CEA7BF5008C3D6D /* AccountVC.xib in Resources */,
				A951C86F2CECD003006828F8 /* CartTVCell.xib in Resources */,
				A951C8702CECD003006828F8 /* CartVC.xib in Resources */,
				A9AC2CFE2CEA9775008C3D6D /* AddressVC.xib in Resources */,
				A951C8792CECD00C006828F8 /* CheckoutTVCell.xib in Resources */,
				A951C87A2CECD00C006828F8 /* CheckoutVC.xib in Resources */,
				A9050A472D049BBF00082847 /* Localizable.strings in Resources */,
				A951C8842CECD092006828F8 /* ProductReviewCell.xib in Resources */,
				A9050C632D05511D00082847 /* CreateAccountVC.xib in Resources */,
				A951C7E02CEC0376006828F8 /* ProductDetailsCVCell.xib in Resources */,
				A951C88D2CECD2CA006828F8 /* ProductDropDownTVCell.xib in Resources */,
				A951C88E2CECD2CA006828F8 /* ProductDropDownVC.xib in Resources */,
				A951C7E12CEC0376006828F8 /* ProductDetailsVC.xib in Resources */,
				A9AC2CDE2CEA91BE008C3D6D /* PaymentVC.xib in Resources */,
				A9AC2CFB2CEA9654008C3D6D /* AddressTVCell.xib in Resources */,
				A96F64462CEA9F6800B5939B /* circular-std-medium-500.ttf in Resources */,
				A96F64472CEA9F6800B5939B /* CircularStd-Bold.otf in Resources */,
				A96F64482CEA9F6800B5939B /* CircularStd-Book.ttf in Resources */,
				A96F64492CEA9F6800B5939B /* Gabarito-Bold.ttf in Resources */,
				A951C87F2CECD07B006828F8 /* OrderSuccessVC.xib in Resources */,
				A9AC2CFC2CEA9654008C3D6D /* AddAddressVC.xib in Resources */,
				A9050C592D05311700082847 /* ForgotPasswordVC.xib in Resources */,
				A9AC2CC22CEA7BF5008C3D6D /* HandleMessageView.xib in Resources */,
				A9AC2CC32CEA7BF5008C3D6D /* HelpVC.xib in Resources */,
				A9AC2CC42CEA7BF5008C3D6D /* CategoriesCVCell.xib in Resources */,
				A9AC2CC52CEA7BF5008C3D6D /* HomeHeaderReusable.xib in Resources */,
				A9AC2CC62CEA7BF5008C3D6D /* TopSellingCVCell.xib in Resources */,
				A9AC2CC72CEA7BF5008C3D6D /* HomeVC.xib in Resources */,
				A9050C552D05308A00082847 /* LoginPasswordVC.xib in Resources */,
				A9AC2CC92CEA7BF5008C3D6D /* NotificationsVC.xib in Resources */,
				A9AC2CCC2CEA7BF5008C3D6D /* OrdersVC.xib in Resources */,
				A9AC2CCD2CEA7BF5008C3D6D /* OrderDetailsTVCell.xib in Resources */,
				A9AC2CCE2CEA7BF5008C3D6D /* OrderDetailsVC.xib in Resources */,
				A9AC2CD02CEA7BF5008C3D6D /* ResetPasswordVC.xib in Resources */,
				A9AC2CD12CEA7BF5008C3D6D /* ShopByCategoriesTVCell.xib in Resources */,
				A9AC2CD22CEA7BF5008C3D6D /* ShopByCategoriesVC.xib in Resources */,
				A951C8382CECBF1A006828F8 /* MyFavouritesVC.xib in Resources */,
				A9AC2CD32CEA7BF5008C3D6D /* ShopByCategoriesNameVC.xib in Resources */,
				A9050C4F2D05188300082847 /* SignInViewController.xib in Resources */,
				A9AC2CD52CEA7BF5008C3D6D /* SupportVC.xib in Resources */,
				A9AC2CD72CEA7BF5008C3D6D /* Assets.xcassets in Resources */,
				A9AC2CDC2CEA9194008C3D6D /* WishlistVC.xib in Resources */,
				A96F645C2CEAA0F400B5939B /* OrdersCVCell.xib in Resources */,
				A9AC2CD82CEA7BF5008C3D6D /* Colors.xcassets in Resources */,
				A9AC2CDA2CEA7BF5008C3D6D /* LaunchScreen.storyboard in Resources */,
			);
			runOnlyForDeploymentPostprocessing = 0;
		};
/* End PBXResourcesBuildPhase section */

/* Begin PBXSourcesBuildPhase section */
		A9E2A0ED2CE649130081A76C /* Sources */ = {
			isa = PBXSourcesBuildPhase;
			buildActionMask = 2147483647;
			files = (
				A9050A182D04974200082847 /* Size.swift in Sources */,
				A9050A1F2D0497D900082847 /* Helper.swift in Sources */,
				A9AC2C8A2CEA7BF5008C3D6D /* AboutYourselfViewController.swift in Sources */,
				A9AC2C8B2CEA7BF5008C3D6D /* AccountTVCell.swift in Sources */,
				A9050A492D049C4000082847 /* String+Extensions.swift in Sources */,
				A9AC2C8C2CEA7BF5008C3D6D /* AccountVC.swift in Sources */,
				A96F64D42CEBA4DE00B5939B /* PaymentSection.swift in Sources */,
				A951C86D2CECD003006828F8 /* CartTVCell.swift in Sources */,
				A951C86E2CECD003006828F8 /* CartVC.swift in Sources */,
				A9B60F9E2CEBE02F0018B9B8 /* OrdersStateModel.swift in Sources */,
				A951C8302CECBA4E006828F8 /* AccountSetting.swift in Sources */,
				A951C8F82CEE1D22006828F8 /* Assets.swift in Sources */,
				A9AC2C8D2CEA7BF5008C3D6D /* AddressVC.swift in Sources */,
				A9AC2C8E2CEA7BF5008C3D6D /* CreateAccountVC.swift in Sources */,
				A9AC2C962CEA7BF5008C3D6D /* ForgotPasswordVC.swift in Sources */,
				A951C8772CECD00C006828F8 /* CheckoutTVCell.swift in Sources */,
				A951C8782CECD00C006828F8 /* CheckoutVC.swift in Sources */,
				A9AC2C972CEA7BF5008C3D6D /* HandleMessageView.swift in Sources */,
				A9AC2C982CEA7BF5008C3D6D /* HelpVC.swift in Sources */,
				A9050BF32D04D86F00082847 /* UserDefaultsManager.swift in Sources */,
				A9AC2C992CEA7BF5008C3D6D /* CategoriesCVCell.swift in Sources */,
				A9AC2C9A2CEA7BF5008C3D6D /* HomeHeaderReusable.swift in Sources */,
				A9AC2C9B2CEA7BF5008C3D6D /* TopSellingCVCell.swift in Sources */,
				A9AC2C9C2CEA7BF5008C3D6D /* HomeVC.swift in Sources */,
				A9AC2C9D2CEA7BF5008C3D6D /* LoginPasswordVC.swift in Sources */,
				A9AC2C9E2CEA7BF5008C3D6D /* MainTabBarVC.swift in Sources */,
				A951C8F62CEDF3F6006828F8 /* FilterOption.swift in Sources */,
				A951C82E2CECB9A0006828F8 /* UITableview+Extension.swift in Sources */,
				A9AC2C9F2CEA7BF5008C3D6D /* CategoryModel.swift in Sources */,
				A96F644A2CEA9F6800B5939B /* Images.swift in Sources */,
				A96F64DF2CEBB9CD00B5939B /* UIView+Extension.swift in Sources */,
				A95E93F22CEBFC3D00D9D033 /* UIColor+Extension.swift in Sources */,
				A96F644B2CEA9F6800B5939B /* Status.swift in Sources */,
				A96F645F2CEAA32C00B5939B /* WishlistModel.swift in Sources */,
				A951C8832CECD092006828F8 /* ProductReviewCell.swift in Sources */,
				A9050A262D0499CA00082847 /* Direction.swift in Sources */,
				A96F644C2CEA9F6800B5939B /* UIButton+Extension.swift in Sources */,
				A96F644D2CEA9F6800B5939B /* UILabel+Extension.swift in Sources */,
				A96F644E2CEA9F6800B5939B /* UITextField+Extension.swift in Sources */,
				A9050A342D049B8200082847 /* BACK.swift in Sources */,
				A9050A352D049B8200082847 /* lbls.swift in Sources */,
				A9050A372D049B8200082847 /* NavBar.swift in Sources */,
				A9050A382D049B8200082847 /* AlertTit.swift in Sources */,
				A9050A392D049B8200082847 /* LocalizedButtons.swift in Sources */,
				A9050A3A2D049B8200082847 /* VcTitle.swift in Sources */,
				A9050A3B2D049B8200082847 /* LocalizedTextField.swift in Sources */,
				A9050A3D2D049B8200082847 /* NavBarImg.swift in Sources */,
				A9050A3F2D049B8200082847 /* ValidMessage.swift in Sources */,
				A951C7DE2CEC0376006828F8 /* ProductDetailsCVCell.swift in Sources */,
				A951C9002CEE23C3006828F8 /* Constant.swift in Sources */,
				A951C7DF2CEC0376006828F8 /* ProductDetailsVC.swift in Sources */,
				A96F644F2CEA9F6800B5939B /* UIViewController+Extension.swift in Sources */,
				A96F645D2CEAA0F400B5939B /* OrdersCVCell.swift in Sources */,
				A96F64502CEA9F6800B5939B /* UIWindow.swift in Sources */,
				A9AC2CA02CEA7BF5008C3D6D /* HandleMessageModel.swift in Sources */,
				A951C82C2CECB5F9006828F8 /* UITextField+Extesion.swift in Sources */,
				A9AC2CA12CEA7BF5008C3D6D /* HomeHeaderModel.swift in Sources */,
				A951C8322CECBE5E006828F8 /* UICollectionView+Extension.swift in Sources */,
				A9050C602D054B1100082847 /* AgeRange.swift in Sources */,
				A9AC2CA22CEA7BF5008C3D6D /* Message.swift in Sources */,
				A9AC2CA32CEA7BF5008C3D6D /* OrdersModel.swift in Sources */,
				A9AC2CA52CEA7BF5008C3D6D /* OrderStatusModel.swift in Sources */,
				A951C8372CECBF1A006828F8 /* MyFavouritesVC.swift in Sources */,
				A9AC2CA62CEA7BF5008C3D6D /* Products.swift in Sources */,
				A951C88B2CECD2CA006828F8 /* ProductDropDownTVCell.swift in Sources */,
				A9050A422D049BB100082847 /* KHTxtField.swift in Sources */,
				A951C88C2CECD2CA006828F8 /* ProductDropDownVC.swift in Sources */,
				A9AC2CA72CEA7BF5008C3D6D /* NotificationsVC.swift in Sources */,
				A9AC2CAA2CEA7BF5008C3D6D /* OrdersVC.swift in Sources */,
				A9AC2CAB2CEA7BF5008C3D6D /* OrderDetailsTVCell.swift in Sources */,
				A9AC2CAC2CEA7BF5008C3D6D /* OrderDetailsVC.swift in Sources */,
				A9AC2CAD2CEA7BF5008C3D6D /* PaymentVC.swift in Sources */,
				A9AC2CAE2CEA7BF5008C3D6D /* ResetPasswordVC.swift in Sources */,
				A951C8FE2CEE20AA006828F8 /* Gender.swift in Sources */,
				A9AC2CF92CEA9654008C3D6D /* AddressTVCell.swift in Sources */,
				A9AC2CFA2CEA9654008C3D6D /* AddAddressVC.swift in Sources */,
				A96F64582CEAA0F400B5939B /* OrdersTVCell.swift in Sources */,
				A9AC2CAF2CEA7BF5008C3D6D /* ShopByCategoriesTVCell.swift in Sources */,
				A9050A142D04906000082847 /* Colors.swift in Sources */,
				A9AC2CB02CEA7BF5008C3D6D /* ShopByCategoriesVC.swift in Sources */,
				A9AC2CB12CEA7BF5008C3D6D /* ShopByCategoriesNameVC.swift in Sources */,
				A9AC2CB22CEA7BF5008C3D6D /* SignInViewController.swift in Sources */,
				A951C87E2CECD07B006828F8 /* OrderSuccessVC.swift in Sources */,
				A9AC2CB32CEA7BF5008C3D6D /* SupportVC.swift in Sources */,
				A951C82A2CECB11A006828F8 /* Fonts.swift in Sources */,
				A9AC2CB42CEA7BF5008C3D6D /* WishlistVC.swift in Sources */,
				A9AC2CB52CEA7BF5008C3D6D /* AppDelegate.swift in Sources */,
				A9AC2CB62CEA7BF5008C3D6D /* SceneDelegate.swift in Sources */,
				A9AC2CB72CEA7BF5008C3D6D /* ViewController.swift in Sources */,
				A951C8FA2CEE1D3A006828F8 /* CatagoryTitle.swift in Sources */,
				A96F647B2CEAC64300B5939B /* OrderSummary.swift in Sources */,
				A951C8FC2CEE1D88006828F8 /* Category.swift in Sources */,
				A90509852D04899E00082847 /* DummyAddress.swift in Sources */,
			);
			runOnlyForDeploymentPostprocessing = 0;
		};
/* End PBXSourcesBuildPhase section */

/* Begin PBXVariantGroup section */
		A9050A452D049BBF00082847 /* Localizable.strings */ = {
			isa = PBXVariantGroup;
			children = (
				A9050A442D049BBF00082847 /* Localizable.strings */,
				A9050C522D05195C00082847 /* ar */,
			);
			name = Localizable.strings;
			sourceTree = "<group>";
		};
		A9050C4E2D05188300082847 /* SignInViewController.xib */ = {
			isa = PBXVariantGroup;
			children = (
				A9050C4D2D05188300082847 /* Base */,
				A9050C502D05188300082847 /* mul */,
			);
			name = SignInViewController.xib;
			sourceTree = "<group>";
		};
		A9050C542D05308A00082847 /* LoginPasswordVC.xib */ = {
			isa = PBXVariantGroup;
			children = (
				A9050C532D05308A00082847 /* Base */,
				A9050C562D05308A00082847 /* mul */,
			);
			name = LoginPasswordVC.xib;
			sourceTree = "<group>";
		};
		A9050C582D05311700082847 /* ForgotPasswordVC.xib */ = {
			isa = PBXVariantGroup;
			children = (
				A9050C572D05311700082847 /* Base */,
				A9050C5A2D05311700082847 /* mul */,
			);
			name = ForgotPasswordVC.xib;
			sourceTree = "<group>";
		};
		A9050C5C2D053DC200082847 /* AboutYourselfViewController.xib */ = {
			isa = PBXVariantGroup;
			children = (
				A9050C5B2D053DC200082847 /* Base */,
				A9050C5E2D053DC200082847 /* mul */,
			);
			name = AboutYourselfViewController.xib;
			sourceTree = "<group>";
		};
		A9050C622D05511D00082847 /* CreateAccountVC.xib */ = {
			isa = PBXVariantGroup;
			children = (
				A9050C612D05511D00082847 /* Base */,
				A9050C642D05511D00082847 /* mul */,
			);
			name = CreateAccountVC.xib;
			sourceTree = "<group>";
		};
		A9AC2C7C2CEA7BF5008C3D6D /* LaunchScreen.storyboard */ = {
			isa = PBXVariantGroup;
			children = (
				A9AC2C7B2CEA7BF5008C3D6D /* Base */,
				A9050C512D05194800082847 /* ar */,
			);
			name = LaunchScreen.storyboard;
			sourceTree = "<group>";
		};
/* End PBXVariantGroup section */

/* Begin XCBuildConfiguration section */
		A9E2A1052CE649140081A76C /* Debug */ = {
			isa = XCBuildConfiguration;
			buildSettings = {
				ASSETCATALOG_COMPILER_APPICON_NAME = AppIcon;
				ASSETCATALOG_COMPILER_GLOBAL_ACCENT_COLOR_NAME = AccentColor;
				CODE_SIGN_STYLE = Automatic;
				CURRENT_PROJECT_VERSION = 1;
				GENERATE_INFOPLIST_FILE = YES;
				INFOPLIST_FILE = FashionApp/Info.plist;
				INFOPLIST_KEY_UIApplicationSupportsIndirectInputEvents = YES;
				INFOPLIST_KEY_UILaunchStoryboardName = LaunchScreen;
				INFOPLIST_KEY_UIMainStoryboardFile = "";
				INFOPLIST_KEY_UISupportedInterfaceOrientations_iPad = "UIInterfaceOrientationPortrait UIInterfaceOrientationPortraitUpsideDown UIInterfaceOrientationLandscapeLeft UIInterfaceOrientationLandscapeRight";
				INFOPLIST_KEY_UISupportedInterfaceOrientations_iPhone = "UIInterfaceOrientationPortrait UIInterfaceOrientationLandscapeLeft UIInterfaceOrientationLandscapeRight";
				LD_RUNPATH_SEARCH_PATHS = (
					"$(inherited)",
					"@executable_path/Frameworks",
				);
				MARKETING_VERSION = 1.0;
				PRODUCT_BUNDLE_IDENTIFIER = engy.FashionApp;
				PRODUCT_NAME = "$(TARGET_NAME)";
				SWIFT_EMIT_LOC_STRINGS = YES;
				SWIFT_VERSION = 5.0;
				TARGETED_DEVICE_FAMILY = "1,2";
			};
			name = Debug;
		};
		A9E2A1062CE649140081A76C /* Release */ = {
			isa = XCBuildConfiguration;
			buildSettings = {
				ASSETCATALOG_COMPILER_APPICON_NAME = AppIcon;
				ASSETCATALOG_COMPILER_GLOBAL_ACCENT_COLOR_NAME = AccentColor;
				CODE_SIGN_STYLE = Automatic;
				CURRENT_PROJECT_VERSION = 1;
				GENERATE_INFOPLIST_FILE = YES;
				INFOPLIST_FILE = FashionApp/Info.plist;
				INFOPLIST_KEY_UIApplicationSupportsIndirectInputEvents = YES;
				INFOPLIST_KEY_UILaunchStoryboardName = LaunchScreen;
				INFOPLIST_KEY_UIMainStoryboardFile = "";
				INFOPLIST_KEY_UISupportedInterfaceOrientations_iPad = "UIInterfaceOrientationPortrait UIInterfaceOrientationPortraitUpsideDown UIInterfaceOrientationLandscapeLeft UIInterfaceOrientationLandscapeRight";
				INFOPLIST_KEY_UISupportedInterfaceOrientations_iPhone = "UIInterfaceOrientationPortrait UIInterfaceOrientationLandscapeLeft UIInterfaceOrientationLandscapeRight";
				LD_RUNPATH_SEARCH_PATHS = (
					"$(inherited)",
					"@executable_path/Frameworks",
				);
				MARKETING_VERSION = 1.0;
				PRODUCT_BUNDLE_IDENTIFIER = engy.FashionApp;
				PRODUCT_NAME = "$(TARGET_NAME)";
				SWIFT_EMIT_LOC_STRINGS = YES;
				SWIFT_VERSION = 5.0;
				TARGETED_DEVICE_FAMILY = "1,2";
			};
			name = Release;
		};
		A9E2A1072CE649140081A76C /* Debug */ = {
			isa = XCBuildConfiguration;
			buildSettings = {
				ALWAYS_SEARCH_USER_PATHS = NO;
				ASSETCATALOG_COMPILER_GENERATE_SWIFT_ASSET_SYMBOL_EXTENSIONS = YES;
				CLANG_ANALYZER_LOCALIZABILITY_NONLOCALIZED = YES;
				CLANG_ANALYZER_NONNULL = YES;
				CLANG_ANALYZER_NUMBER_OBJECT_CONVERSION = YES_AGGRESSIVE;
				CLANG_CXX_LANGUAGE_STANDARD = "gnu++20";
				CLANG_ENABLE_MODULES = YES;
				CLANG_ENABLE_OBJC_ARC = YES;
				CLANG_ENABLE_OBJC_WEAK = YES;
				CLANG_WARN_BLOCK_CAPTURE_AUTORELEASING = YES;
				CLANG_WARN_BOOL_CONVERSION = YES;
				CLANG_WARN_COMMA = YES;
				CLANG_WARN_CONSTANT_CONVERSION = YES;
				CLANG_WARN_DEPRECATED_OBJC_IMPLEMENTATIONS = YES;
				CLANG_WARN_DIRECT_OBJC_ISA_USAGE = YES_ERROR;
				CLANG_WARN_DOCUMENTATION_COMMENTS = YES;
				CLANG_WARN_EMPTY_BODY = YES;
				CLANG_WARN_ENUM_CONVERSION = YES;
				CLANG_WARN_INFINITE_RECURSION = YES;
				CLANG_WARN_INT_CONVERSION = YES;
				CLANG_WARN_NON_LITERAL_NULL_CONVERSION = YES;
				CLANG_WARN_OBJC_IMPLICIT_RETAIN_SELF = YES;
				CLANG_WARN_OBJC_LITERAL_CONVERSION = YES;
				CLANG_WARN_OBJC_ROOT_CLASS = YES_ERROR;
				CLANG_WARN_QUOTED_INCLUDE_IN_FRAMEWORK_HEADER = YES;
				CLANG_WARN_RANGE_LOOP_ANALYSIS = YES;
				CLANG_WARN_STRICT_PROTOTYPES = YES;
				CLANG_WARN_SUSPICIOUS_MOVE = YES;
				CLANG_WARN_UNGUARDED_AVAILABILITY = YES_AGGRESSIVE;
				CLANG_WARN_UNREACHABLE_CODE = YES;
				CLANG_WARN__DUPLICATE_METHOD_MATCH = YES;
				COPY_PHASE_STRIP = NO;
				DEBUG_INFORMATION_FORMAT = dwarf;
				ENABLE_STRICT_OBJC_MSGSEND = YES;
				ENABLE_TESTABILITY = YES;
				ENABLE_USER_SCRIPT_SANDBOXING = YES;
				GCC_C_LANGUAGE_STANDARD = gnu17;
				GCC_DYNAMIC_NO_PIC = NO;
				GCC_NO_COMMON_BLOCKS = YES;
				GCC_OPTIMIZATION_LEVEL = 0;
				GCC_PREPROCESSOR_DEFINITIONS = (
					"DEBUG=1",
					"$(inherited)",
				);
				GCC_WARN_64_TO_32_BIT_CONVERSION = YES;
				GCC_WARN_ABOUT_RETURN_TYPE = YES_ERROR;
				GCC_WARN_UNDECLARED_SELECTOR = YES;
				GCC_WARN_UNINITIALIZED_AUTOS = YES_AGGRESSIVE;
				GCC_WARN_UNUSED_FUNCTION = YES;
				GCC_WARN_UNUSED_VARIABLE = YES;
				IPHONEOS_DEPLOYMENT_TARGET = 18.0;
				LOCALIZATION_PREFERS_STRING_CATALOGS = YES;
				MTL_ENABLE_DEBUG_INFO = INCLUDE_SOURCE;
				MTL_FAST_MATH = YES;
				ONLY_ACTIVE_ARCH = YES;
				SDKROOT = iphoneos;
				SWIFT_ACTIVE_COMPILATION_CONDITIONS = "DEBUG $(inherited)";
				SWIFT_OPTIMIZATION_LEVEL = "-Onone";
			};
			name = Debug;
		};
		A9E2A1082CE649140081A76C /* Release */ = {
			isa = XCBuildConfiguration;
			buildSettings = {
				ALWAYS_SEARCH_USER_PATHS = NO;
				ASSETCATALOG_COMPILER_GENERATE_SWIFT_ASSET_SYMBOL_EXTENSIONS = YES;
				CLANG_ANALYZER_LOCALIZABILITY_NONLOCALIZED = YES;
				CLANG_ANALYZER_NONNULL = YES;
				CLANG_ANALYZER_NUMBER_OBJECT_CONVERSION = YES_AGGRESSIVE;
				CLANG_CXX_LANGUAGE_STANDARD = "gnu++20";
				CLANG_ENABLE_MODULES = YES;
				CLANG_ENABLE_OBJC_ARC = YES;
				CLANG_ENABLE_OBJC_WEAK = YES;
				CLANG_WARN_BLOCK_CAPTURE_AUTORELEASING = YES;
				CLANG_WARN_BOOL_CONVERSION = YES;
				CLANG_WARN_COMMA = YES;
				CLANG_WARN_CONSTANT_CONVERSION = YES;
				CLANG_WARN_DEPRECATED_OBJC_IMPLEMENTATIONS = YES;
				CLANG_WARN_DIRECT_OBJC_ISA_USAGE = YES_ERROR;
				CLANG_WARN_DOCUMENTATION_COMMENTS = YES;
				CLANG_WARN_EMPTY_BODY = YES;
				CLANG_WARN_ENUM_CONVERSION = YES;
				CLANG_WARN_INFINITE_RECURSION = YES;
				CLANG_WARN_INT_CONVERSION = YES;
				CLANG_WARN_NON_LITERAL_NULL_CONVERSION = YES;
				CLANG_WARN_OBJC_IMPLICIT_RETAIN_SELF = YES;
				CLANG_WARN_OBJC_LITERAL_CONVERSION = YES;
				CLANG_WARN_OBJC_ROOT_CLASS = YES_ERROR;
				CLANG_WARN_QUOTED_INCLUDE_IN_FRAMEWORK_HEADER = YES;
				CLANG_WARN_RANGE_LOOP_ANALYSIS = YES;
				CLANG_WARN_STRICT_PROTOTYPES = YES;
				CLANG_WARN_SUSPICIOUS_MOVE = YES;
				CLANG_WARN_UNGUARDED_AVAILABILITY = YES_AGGRESSIVE;
				CLANG_WARN_UNREACHABLE_CODE = YES;
				CLANG_WARN__DUPLICATE_METHOD_MATCH = YES;
				COPY_PHASE_STRIP = NO;
				DEBUG_INFORMATION_FORMAT = "dwarf-with-dsym";
				ENABLE_NS_ASSERTIONS = NO;
				ENABLE_STRICT_OBJC_MSGSEND = YES;
				ENABLE_USER_SCRIPT_SANDBOXING = YES;
				GCC_C_LANGUAGE_STANDARD = gnu17;
				GCC_NO_COMMON_BLOCKS = YES;
				GCC_WARN_64_TO_32_BIT_CONVERSION = YES;
				GCC_WARN_ABOUT_RETURN_TYPE = YES_ERROR;
				GCC_WARN_UNDECLARED_SELECTOR = YES;
				GCC_WARN_UNINITIALIZED_AUTOS = YES_AGGRESSIVE;
				GCC_WARN_UNUSED_FUNCTION = YES;
				GCC_WARN_UNUSED_VARIABLE = YES;
				IPHONEOS_DEPLOYMENT_TARGET = 18.0;
				LOCALIZATION_PREFERS_STRING_CATALOGS = YES;
				MTL_ENABLE_DEBUG_INFO = NO;
				MTL_FAST_MATH = YES;
				SDKROOT = iphoneos;
				SWIFT_COMPILATION_MODE = wholemodule;
				VALIDATE_PRODUCT = YES;
			};
			name = Release;
		};
/* End XCBuildConfiguration section */

/* Begin XCConfigurationList section */
		A9E2A0EC2CE649130081A76C /* Build configuration list for PBXProject "FashionApp" */ = {
			isa = XCConfigurationList;
			buildConfigurations = (
				A9E2A1072CE649140081A76C /* Debug */,
				A9E2A1082CE649140081A76C /* Release */,
			);
			defaultConfigurationIsVisible = 0;
			defaultConfigurationName = Release;
		};
		A9E2A1042CE649140081A76C /* Build configuration list for PBXNativeTarget "FashionApp" */ = {
			isa = XCConfigurationList;
			buildConfigurations = (
				A9E2A1052CE649140081A76C /* Debug */,
				A9E2A1062CE649140081A76C /* Release */,
			);
			defaultConfigurationIsVisible = 0;
			defaultConfigurationName = Release;
		};
/* End XCConfigurationList section */

/* Begin XCRemoteSwiftPackageReference section */
		A9050A192D0497CD00082847 /* XCRemoteSwiftPackageReference "SwiftMessages" */ = {
			isa = XCRemoteSwiftPackageReference;
			repositoryURL = "https://github.com/SwiftKickMobile/SwiftMessages.git";
			requirement = {
				kind = upToNextMajorVersion;
				minimumVersion = 10.0.1;
			};
		};
		A9050A202D04984F00082847 /* XCRemoteSwiftPackageReference "MOLH" */ = {
			isa = XCRemoteSwiftPackageReference;
			repositoryURL = "https://github.com/MoathOthman/MOLH.git";
			requirement = {
				kind = upToNextMajorVersion;
				minimumVersion = 1.2.0;
			};
		};
		A9050BF42D04E2A400082847 /* XCRemoteSwiftPackageReference "IQKeyboardManager" */ = {
			isa = XCRemoteSwiftPackageReference;
			repositoryURL = "https://github.com/hackiftekhar/IQKeyboardManager.git";
			requirement = {
				kind = upToNextMajorVersion;
				minimumVersion = 8.0.0;
			};
		};
/* End XCRemoteSwiftPackageReference section */

/* Begin XCSwiftPackageProductDependency section */
		A9050A1A2D0497CD00082847 /* SwiftMessages */ = {
			isa = XCSwiftPackageProductDependency;
			package = A9050A192D0497CD00082847 /* XCRemoteSwiftPackageReference "SwiftMessages" */;
			productName = SwiftMessages;
		};
		A9050A212D04984F00082847 /* MOLH */ = {
			isa = XCSwiftPackageProductDependency;
			package = A9050A202D04984F00082847 /* XCRemoteSwiftPackageReference "MOLH" */;
			productName = MOLH;
		};
		A9050BF52D04E2A400082847 /* IQKeyboardManagerSwift */ = {
			isa = XCSwiftPackageProductDependency;
			package = A9050BF42D04E2A400082847 /* XCRemoteSwiftPackageReference "IQKeyboardManager" */;
			productName = IQKeyboardManagerSwift;
		};
/* End XCSwiftPackageProductDependency section */
	};
	rootObject = A9E2A0E92CE649130081A76C /* Project object */;
}
